PODS:
  - NMapsMap (3.16.0)
  - SCLAlertView (0.8)
  - SwiftGen (6.6.2)
  - SwiftyPlistManager (1.0.2)

DEPENDENCIES:
  - NMapsMap
  - SCLAlertView
  - SwiftGen (~> 6.0)
  - SwiftyPlistManager

SPEC REPOS:
  trunk:
    - NMapsMap
    - SCLAlertView
    - SwiftGen
    - SwiftyPlistManager

SPEC CHECKSUMS:
  NMapsMap: a2593320fca2bb09e521c05b4dffee4da42e96ed
  SCLAlertView: 6a77bb2edfc65e04dbe57725546cb4107a506b85
  SwiftGen: 1366a7f71aeef49954ca5a63ba4bef6b0f24138c
  SwiftyPlistManager: 5895924cccb7fe28deccbe14890e8aed78ae78ae

PODFILE CHECKSUM: 7d1142fb3fe83436b6a3364ca95e0c950604571a

COCOAPODS: 1.11.2
