PODS:
  - Action (3.11.0):
    - RxCocoa (~> 4.0)
    - RxSwift (~> 4.0)
  - Alamofire (4.7.3)
  - Differentiator (3.1.0)
  - Firebase/Core (5.7.0):
    - Firebase/CoreOnly
    - FirebaseAnalytics (= 5.1.1)
  - Firebase/CoreOnly (5.7.0):
    - FirebaseCore (= 5.1.2)
  - Firebase/Database (5.7.0):
    - Firebase/CoreOnly
    - FirebaseDatabase (= 5.0.2)
  - FirebaseAnalytics (5.1.1):
    - FirebaseCore (~> 5.1)
    - FirebaseInstanceID (~> 3.2)
    - GoogleAppMeasurement (~> 5.1)
    - GoogleUtilities/AppDelegateSwizzler (~> 5.2.0)
    - GoogleUtilities/MethodSwizzler (~> 5.2.0)
    - GoogleUtilities/Network (~> 5.2)
    - "GoogleUtilities/NSData+zlib (~> 5.2)"
    - nanopb (~> 0.3)
  - FirebaseCore (5.1.2):
    - GoogleUtilities/Logger (~> 5.2)
  - FirebaseDatabase (5.0.2):
    - FirebaseCore (~> 5.0)
    - leveldb-library (~> 1.18)
  - FirebaseInstanceID (3.2.1):
    - FirebaseCore (~> 5.1)
    - GoogleUtilities/Environment (~> 5.2)
  - GoogleAppMeasurement (5.1.1):
    - GoogleUtilities/AppDelegateSwizzler (~> 5.2.0)
    - GoogleUtilities/MethodSwizzler (~> 5.2.0)
    - GoogleUtilities/Network (~> 5.2)
    - "GoogleUtilities/NSData+zlib (~> 5.2)"
    - nanopb (~> 0.3)
  - GoogleUtilities/AppDelegateSwizzler (5.2.2):
    - GoogleUtilities/Environment
    - GoogleUtilities/Logger
    - GoogleUtilities/Network
  - GoogleUtilities/Environment (5.2.2)
  - GoogleUtilities/Logger (5.2.2):
    - GoogleUtilities/Environment
  - GoogleUtilities/MethodSwizzler (5.2.2):
    - GoogleUtilities/Logger
  - GoogleUtilities/Network (5.2.2):
    - GoogleUtilities/Logger
    - "GoogleUtilities/NSData+zlib"
    - GoogleUtilities/Reachability
  - "GoogleUtilities/NSData+zlib (5.2.2)"
  - GoogleUtilities/Reachability (5.2.2):
    - GoogleUtilities/Logger
  - leveldb-library (1.20)
  - nanopb (0.3.8):
    - nanopb/decode (= 0.3.8)
    - nanopb/encode (= 0.3.8)
  - nanopb/decode (0.3.8)
  - nanopb/encode (0.3.8)
  - "NSObject+Rx (4.4.1)":
    - RxSwift (~> 4.3)
  - ReachabilitySwift (4.3.1)
  - RxAlamofire (4.3.0):
    - RxAlamofire/Core (= 4.3.0)
  - RxAlamofire/Core (4.3.0):
    - Alamofire (~> 4.5)
    - RxSwift (~> 4)
  - RxCocoa (4.5.0):
    - RxSwift (>= 4.4.2, ~> 4.4)
  - RxDataSources (3.1.0):
    - Differentiator (~> 3.0)
    - RxCocoa (~> 4.0)
    - RxSwift (~> 4.0)
  - RxGesture (2.2.0):
    - RxCocoa (~> 4.5)
    - RxSwift (~> 4.5)
  - RxKeyboard (0.9.0):
    - RxCocoa (>= 4.3.1)
    - RxSwift (>= 4.3.1)
  - RxReachability (0.1.8):
    - ReachabilitySwift (~> 4.3.0)
    - RxCocoa (~> 4)
    - RxSwift (~> 4)
  - RxSwift (4.5.0)
  - RxSwiftExt (3.4.0):
    - RxSwiftExt/Core (= 3.4.0)
    - RxSwiftExt/RxCocoa (= 3.4.0)
  - RxSwiftExt/Core (3.4.0):
    - RxSwift (~> 4.0)
  - RxSwiftExt/RxCocoa (3.4.0):
    - RxCocoa (~> 4.0)
    - RxSwiftExt/Core
  - SCLAlertView (0.8)
  - SwiftyPlistManager (1.0.2)

DEPENDENCIES:
  - Action
  - Alamofire
  - Firebase/Core
  - Firebase/Database
  - "NSObject+Rx"
  - RxAlamofire
  - RxCocoa
  - RxDataSources
  - RxGesture
  - RxKeyboard
  - RxReachability
  - RxSwift
  - RxSwiftExt
  - SCLAlertView
  - SwiftyPlistManager

SPEC REPOS:
  https://github.com/CocoaPods/Specs.git:
    - Alamofire
    - Firebase
    - FirebaseAnalytics
    - FirebaseCore
    - FirebaseDatabase
    - FirebaseInstanceID
    - GoogleAppMeasurement
    - GoogleUtilities
    - leveldb-library
    - nanopb
    - SCLAlertView
    - SwiftyPlistManager
  trunk:
    - Action
    - Differentiator
    - "NSObject+Rx"
    - ReachabilitySwift
    - RxAlamofire
    - RxCocoa
    - RxDataSources
    - RxGesture
    - RxKeyboard
    - RxReachability
    - RxSwift
    - RxSwiftExt

SPEC CHECKSUMS:
  Action: 689181e4c3f6566844178d8a7da6fef39a9597fc
  Alamofire: c7287b6e5d7da964a70935e5db17046b7fde6568
  Differentiator: be49ca3408f0ecfc761e4c7763d20c62be01b9ad
  Firebase: 734a4f92957aa6c40e7ae3fda3d9359e1890aa87
  FirebaseAnalytics: 993577e91157feb40945abedd6ab346d8a4b6ac8
  FirebaseCore: 3a97432acb324b439fbed338e642f9cbb516a63d
  FirebaseDatabase: 27be5ac5bc75e0b17537b2bbfada8258addcc8cd
  FirebaseInstanceID: ea5af6920d0a4a29b40459d055bebe4a6c1333c4
  GoogleAppMeasurement: f7507b39b70ad0bd80b3d81518b2f43868974307
  GoogleUtilities: 06b66f9567769a7958db20a92f0128b2843e49d5
  leveldb-library: 08cba283675b7ed2d99629a4bc5fd052cd2bb6a5
  nanopb: 5601e6bca2dbf1ed831b519092ec110f66982ca3
  "NSObject+Rx": 9884a92f19b610795c431e10b4e601913b59c9e9
  ReachabilitySwift: 4032e2f59586e11e3b0ebe15b167abdd587a388b
  RxAlamofire: 09624d0f2d48ed8b686e4eb4cf68e28cbd2df556
  RxCocoa: cbf70265dc65a981d4ac982e513c10cf23df24a0
  RxDataSources: a843bad90c29817f5923ec8163f4af2de084ceb3
  RxGesture: c1b7bf17166b0ef9d642a9510f8bac5785f18990
  RxKeyboard: 4f782303f499f41577b41c96c6a9a5d7acd51a47
  RxReachability: 053f2d913db44998242ade488ccaef558f3ce7cb
  RxSwift: f172070dfd1a93d70a9ab97a5a01166206e1c575
  RxSwiftExt: 01f8ecbeeb355698e9c75365ebe908b00dacf45d
  SCLAlertView: 6a77bb2edfc65e04dbe57725546cb4107a506b85
  SwiftyPlistManager: 5895924cccb7fe28deccbe14890e8aed78ae78ae

PODFILE CHECKSUM: 43d4a7f3a23a96e4f915dc8a2936508136f2b706

COCOAPODS: 1.10.0.beta.1
