// !$*UTF8*$!
{
	archiveVersion = 1;
	classes = {
	};
	objectVersion = 55;
	objects = {

/* Begin PBXBuildFile section */
		29B226432121FDC60012B2F6 /* AverageCostData.swift in Sources */ = {isa = PBXBuildFile; fileRef = 29B226422121FDC60012B2F6 /* AverageCostData.swift */; };
		29B2264521228ECE0012B2F6 /* FirebaseUtility.swift in Sources */ = {isa = PBXBuildFile; fileRef = 29B2264421228ECE0012B2F6 /* FirebaseUtility.swift */; };
		2C0C68BE276B0DDC00945CEC /* swiftgen.yml in Resources */ = {isa = PBXBuildFile; fileRef = 2C0C68BD276B0DDC00945CEC /* swiftgen.yml */; };
		2C0C68C0276B0E3300945CEC /* Colors.xcassets in Resources */ = {isa = PBXBuildFile; fileRef = 2C0C68BF276B0E3300945CEC /* Colors.xcassets */; };
		2C0C68C2276B0E8600945CEC /* XCAssets+Generated.swift in Sources */ = {isa = PBXBuildFile; fileRef = 2C0C68C1276B0E8600945CEC /* XCAssets+Generated.swift */; };
		2C0C68C4276B0EE200945CEC /* Fonts+Generated.swift in Sources */ = {isa = PBXBuildFile; fileRef = 2C0C68C3276B0EE200945CEC /* Fonts+Generated.swift */; };
		2C0C68C8276B25AB00945CEC /* UIReusable+Extension.swift in Sources */ = {isa = PBXBuildFile; fileRef = 2C0C68C7276B25AB00945CEC /* UIReusable+Extension.swift */; };
		2C0C68CA276B31CA00945CEC /* Tabbar+Extension.swift in Sources */ = {isa = PBXBuildFile; fileRef = 2C0C68C9276B31CA00945CEC /* Tabbar+Extension.swift */; };
		2C0C68E0276B633B00945CEC /* SettingTableViewCell.swift in Sources */ = {isa = PBXBuildFile; fileRef = 2C0C68DF276B633B00945CEC /* SettingTableViewCell.swift */; };
		2C0C68E2276B6C9A00945CEC /* UIViewController+Extension.swift in Sources */ = {isa = PBXBuildFile; fileRef = 2C0C68E1276B6C9A00945CEC /* UIViewController+Extension.swift */; };
		2C0E1CD726022F11006C2C3D /* GoogleService-Info.plist in Resources */ = {isa = PBXBuildFile; fileRef = 2C0E1CD626022F11006C2C3D /* GoogleService-Info.plist */; };
		2C1FBE1A276AE39000E57F8A /* SelectTypeView.swift in Sources */ = {isa = PBXBuildFile; fileRef = 2C1FBE19276AE39000E57F8A /* SelectTypeView.swift */; };
		2CA4726427992D0A00DB0DDD /* CLLocationManager+.swift in Sources */ = {isa = PBXBuildFile; fileRef = 2CA4726327992D0A00DB0DDD /* CLLocationManager+.swift */; };
		2CA47266279931B500DB0DDD /* MainViewModel.swift in Sources */ = {isa = PBXBuildFile; fileRef = 2CA47265279931B500DB0DDD /* MainViewModel.swift */; };
		2CAC81DD276B948B00CC6096 /* CustomKVView.swift in Sources */ = {isa = PBXBuildFile; fileRef = 2CAC81DC276B948B00CC6096 /* CustomKVView.swift */; };
		2CAC81DF276B966300CC6096 /* FavoritesGasStationViewModel.swift in Sources */ = {isa = PBXBuildFile; fileRef = 2CAC81DE276B966300CC6096 /* FavoritesGasStationViewModel.swift */; };
		2CAC81E1276B9A7200CC6096 /* KVVStackView.swift in Sources */ = {isa = PBXBuildFile; fileRef = 2CAC81E0276B9A7200CC6096 /* KVVStackView.swift */; };
		2CAC81E3276BA31D00CC6096 /* CustomNavigationView.swift in Sources */ = {isa = PBXBuildFile; fileRef = 2CAC81E2276BA31D00CC6096 /* CustomNavigationView.swift */; };
		2CAC81E5276BA63400CC6096 /* LodingView.swift in Sources */ = {isa = PBXBuildFile; fileRef = 2CAC81E4276BA63400CC6096 /* LodingView.swift */; };
		2CAC81E7276BAA9D00CC6096 /* NoneFavoriteView.swift in Sources */ = {isa = PBXBuildFile; fileRef = 2CAC81E6276BAA9C00CC6096 /* NoneFavoriteView.swift */; };
		2CC1C80A276C79F5007527C7 /* MainListNoneView.swift in Sources */ = {isa = PBXBuildFile; fileRef = 2CC1C809276C79F5007527C7 /* MainListNoneView.swift */; };
		2CC1C80C276C8123007527C7 /* MainVC.swift in Sources */ = {isa = PBXBuildFile; fileRef = 2CC1C80B276C8123007527C7 /* MainVC.swift */; };
		2CC1C80E276C8610007527C7 /* MainMapView.swift in Sources */ = {isa = PBXBuildFile; fileRef = 2CC1C80D276C8610007527C7 /* MainMapView.swift */; };
		764A2D26212C8A2B00B0B3D8 /* FavoritesGasStationVC.swift in Sources */ = {isa = PBXBuildFile; fileRef = 764A2D25212C8A2B00B0B3D8 /* FavoritesGasStationVC.swift */; };
		765830AD212699FE006DFE2E /* InformationGasStaion.swift in Sources */ = {isa = PBXBuildFile; fileRef = 765830AC212699FD006DFE2E /* InformationGasStaion.swift */; };
		8E167D3B2107AD480066A59E /* Service.swift in Sources */ = {isa = PBXBuildFile; fileRef = 8E167D3A2107AD480066A59E /* Service.swift */; };
		8E167D3D2107AEA30066A59E /* API.swift in Sources */ = {isa = PBXBuildFile; fileRef = 8E167D3C2107AEA30066A59E /* API.swift */; };
		8E167D3F2107D95C0066A59E /* GeoConverter.swift in Sources */ = {isa = PBXBuildFile; fileRef = 8E167D3E2107D95C0066A59E /* GeoConverter.swift */; };
		8E167D412107E30F0066A59E /* GasStationListData.swift in Sources */ = {isa = PBXBuildFile; fileRef = 8E167D402107E30F0066A59E /* GasStationListData.swift */; };
		8E1BB8ED2107E78D0065281B /* ServiceResult.swift in Sources */ = {isa = PBXBuildFile; fileRef = 8E1BB8EC2107E78D0065281B /* ServiceResult.swift */; };
		8E1BB8EF2107E9A60065281B /* DataUtility.swift in Sources */ = {isa = PBXBuildFile; fileRef = 8E1BB8EE2107E9A60065281B /* DataUtility.swift */; };
		8E40DB1924D7E45400352F7E /* InitialViewModel.swift in Sources */ = {isa = PBXBuildFile; fileRef = 8E40DB1824D7E45400352F7E /* InitialViewModel.swift */; };
		8E4DBA4424E43492002E605C /* SalePriceTableViewCell.swift in Sources */ = {isa = PBXBuildFile; fileRef = 8E4DBA4324E43492002E605C /* SalePriceTableViewCell.swift */; };
		8E542E342500BF9D00562A59 /* GeoConverter.swift in Sources */ = {isa = PBXBuildFile; fileRef = 8E167D3E2107D95C0066A59E /* GeoConverter.swift */; };
		8E68BA1524CCC560004730D7 /* FindOilTypeViewModel.swift in Sources */ = {isa = PBXBuildFile; fileRef = 8E68BA1424CCC560004730D7 /* FindOilTypeViewModel.swift */; };
		8E68BA1724CCC5F7004730D7 /* ViewModelBindableType.swift in Sources */ = {isa = PBXBuildFile; fileRef = 8E68BA1624CCC5F7004730D7 /* ViewModelBindableType.swift */; };
		8E68BA1924CCC61A004730D7 /* CommonViewModel.swift in Sources */ = {isa = PBXBuildFile; fileRef = 8E68BA1824CCC61A004730D7 /* CommonViewModel.swift */; };
		8E68BA1B24CCC645004730D7 /* CommonViewController.swift in Sources */ = {isa = PBXBuildFile; fileRef = 8E68BA1A24CCC645004730D7 /* CommonViewController.swift */; };
		8E68BA1D24CCC863004730D7 /* FindOilVC.swift in Sources */ = {isa = PBXBuildFile; fileRef = 8E68BA1C24CCC863004730D7 /* FindOilVC.swift */; };
		8E68BA1F24CCCCE5004730D7 /* FindDistanceVC.swift in Sources */ = {isa = PBXBuildFile; fileRef = 8E68BA1E24CCCCE5004730D7 /* FindDistanceVC.swift */; };
		8E68BA2124CCCD07004730D7 /* FindDistanceViewModel.swift in Sources */ = {isa = PBXBuildFile; fileRef = 8E68BA2024CCCD07004730D7 /* FindDistanceViewModel.swift */; };
		8E68BA2324CCCF32004730D7 /* FindBrandViewModel.swift in Sources */ = {isa = PBXBuildFile; fileRef = 8E68BA2224CCCF32004730D7 /* FindBrandViewModel.swift */; };
		8E68BA2524CCCF95004730D7 /* FindBrandVC.swift in Sources */ = {isa = PBXBuildFile; fileRef = 8E68BA2424CCCF95004730D7 /* FindBrandVC.swift */; };
		8E68BA2924CCD472004730D7 /* FindNavigationViewModel.swift in Sources */ = {isa = PBXBuildFile; fileRef = 8E68BA2824CCD472004730D7 /* FindNavigationViewModel.swift */; };
		8E68BA2B24CCDF92004730D7 /* FavoriteCollectionViewCell.swift in Sources */ = {isa = PBXBuildFile; fileRef = 8E68BA2A24CCDF92004730D7 /* FavoriteCollectionViewCell.swift */; };
		8E7FFE2520F5E5FF006CED48 /* AppDelegate.swift in Sources */ = {isa = PBXBuildFile; fileRef = 8E7FFE2420F5E5FF006CED48 /* AppDelegate.swift */; };
		8E7FFE3920F5EA1C006CED48 /* SettingVC.swift in Sources */ = {isa = PBXBuildFile; fileRef = 8E7FFE3820F5EA1C006CED48 /* SettingVC.swift */; };
		8E82E43224F901D200395CDD /* InformationGasStaion.swift in Sources */ = {isa = PBXBuildFile; fileRef = 765830AC212699FD006DFE2E /* InformationGasStaion.swift */; };
		8E82E43424F9468100395CDD /* API.swift in Sources */ = {isa = PBXBuildFile; fileRef = 8E167D3C2107AEA30066A59E /* API.swift */; };
		8EAEB15024F41AFF00B5E6CE /* NotificationCenter.framework in Frameworks */ = {isa = PBXBuildFile; fileRef = 8EAEB14F24F41AFF00B5E6CE /* NotificationCenter.framework */; };
		8EAEB15324F41AFF00B5E6CE /* TodayViewController.swift in Sources */ = {isa = PBXBuildFile; fileRef = 8EAEB15224F41AFF00B5E6CE /* TodayViewController.swift */; };
		8EAEB15624F41AFF00B5E6CE /* MainInterface.storyboard in Resources */ = {isa = PBXBuildFile; fileRef = 8EAEB15424F41AFF00B5E6CE /* MainInterface.storyboard */; };
		8EAEB15A24F41AFF00B5E6CE /* FavoriteWidgetExtension.appex in Embed App Extensions */ = {isa = PBXBuildFile; fileRef = 8EAEB14E24F41AFF00B5E6CE /* FavoriteWidgetExtension.appex */; settings = {ATTRIBUTES = (RemoveHeadersOnCopy, ); }; };
		8EAEB15E24F41C5E00B5E6CE /* NanumSquareRoundB.ttf in Resources */ = {isa = PBXBuildFile; fileRef = 29B226532126A8BA0012B2F6 /* NanumSquareRoundB.ttf */; };
		8EAEB15F24F41C6100B5E6CE /* NanumSquareRoundEB.ttf in Resources */ = {isa = PBXBuildFile; fileRef = 29B226542126A8BB0012B2F6 /* NanumSquareRoundEB.ttf */; };
		8EAEB16024F41C6300B5E6CE /* NanumSquareRoundL.ttf in Resources */ = {isa = PBXBuildFile; fileRef = 29B226522126A8B90012B2F6 /* NanumSquareRoundL.ttf */; };
		8EAEB16124F41C6500B5E6CE /* NanumSquareRoundR.ttf in Resources */ = {isa = PBXBuildFile; fileRef = 29B226552126A8BD0012B2F6 /* NanumSquareRoundR.ttf */; };
		8EAEB16324F4B31E00B5E6CE /* FavoriteCollectionViewCell.swift in Sources */ = {isa = PBXBuildFile; fileRef = 8EAEB16224F4B31E00B5E6CE /* FavoriteCollectionViewCell.swift */; };
		8EAEB16424F4B36D00B5E6CE /* Images.xcassets in Resources */ = {isa = PBXBuildFile; fileRef = 8E7FFE2B20F5E5FF006CED48 /* Images.xcassets */; };
		8EAEB16524F4B7D100B5E6CE /* UserInfo.plist in Resources */ = {isa = PBXBuildFile; fileRef = 8ECE0D75211C31F900FF2B46 /* UserInfo.plist */; };
		8EB5C2E82139214700AB83BB /* Reachability.swift in Sources */ = {isa = PBXBuildFile; fileRef = 8EB5C2E72139214700AB83BB /* Reachability.swift */; };
		8ECE0D52211AD42600FF2B46 /* Setting.swift in Sources */ = {isa = PBXBuildFile; fileRef = 8ECE0D51211AD42600FF2B46 /* Setting.swift */; };
		8ECE0D54211AF0C300FF2B46 /* DefaultData.swift in Sources */ = {isa = PBXBuildFile; fileRef = 8ECE0D53211AF0C300FF2B46 /* DefaultData.swift */; };
		8ECE0D7C211C3CFC00FF2B46 /* OilTypeTableViewCell.swift in Sources */ = {isa = PBXBuildFile; fileRef = 8ECE0D7B211C3CFC00FF2B46 /* OilTypeTableViewCell.swift */; };
		8ECE0D7E211CB1F800FF2B46 /* FindDistanceTableViewCell.swift in Sources */ = {isa = PBXBuildFile; fileRef = 8ECE0D7D211CB1F800FF2B46 /* FindDistanceTableViewCell.swift */; };
		8ECE0DA42122D62B00FF2B46 /* GasStationVie.swift in Sources */ = {isa = PBXBuildFile; fileRef = 8ECE0DA32122D62B00FF2B46 /* GasStationVie.swift */; };
		8ECE0DAA212385FB00FF2B46 /* AllPriceData.swift in Sources */ = {isa = PBXBuildFile; fileRef = 8ECE0DA9212385FB00FF2B46 /* AllPriceData.swift */; };
		8EDAF7D821295AEF00422552 /* InitialSettingVC.swift in Sources */ = {isa = PBXBuildFile; fileRef = 8EDAF7D721295AEF00422552 /* InitialSettingVC.swift */; };
		8EDAF7DA212D7EF300422552 /* DetailView.swift in Sources */ = {isa = PBXBuildFile; fileRef = 8EDAF7D9212D7EF300422552 /* DetailView.swift */; };
		8EDE51B424D5C32C004590B6 /* FavoriteCellViewModel.swift in Sources */ = {isa = PBXBuildFile; fileRef = 8EDE51B324D5C32C004590B6 /* FavoriteCellViewModel.swift */; };
		8EE0A2FB21DDF49E00C159D0 /* BrandTypeTableViewCell.swift in Sources */ = {isa = PBXBuildFile; fileRef = 8EE0A2FA21DDF49E00C159D0 /* BrandTypeTableViewCell.swift */; };
		8EE53E6A24CEA0EF008D8045 /* UserInfo.plist in Resources */ = {isa = PBXBuildFile; fileRef = 8ECE0D75211C31F900FF2B46 /* UserInfo.plist */; };
		8EE53E6C24CEA100008D8045 /* NanumSquareRoundB.ttf in Resources */ = {isa = PBXBuildFile; fileRef = 29B226532126A8BA0012B2F6 /* NanumSquareRoundB.ttf */; };
		8EE53E6D24CEA103008D8045 /* NanumSquareRoundEB.ttf in Resources */ = {isa = PBXBuildFile; fileRef = 29B226542126A8BB0012B2F6 /* NanumSquareRoundEB.ttf */; };
		8EE53E6E24CEA106008D8045 /* NanumSquareRoundL.ttf in Resources */ = {isa = PBXBuildFile; fileRef = 29B226522126A8B90012B2F6 /* NanumSquareRoundL.ttf */; };
		8EE53E6F24CEA108008D8045 /* NanumSquareRoundR.ttf in Resources */ = {isa = PBXBuildFile; fileRef = 29B226552126A8BD0012B2F6 /* NanumSquareRoundR.ttf */; };
		8EE53E7024CEA47E008D8045 /* Main.storyboard in Resources */ = {isa = PBXBuildFile; fileRef = 8E7FFE2820F5E5FF006CED48 /* Main.storyboard */; };
		8EE53E7124CEA481008D8045 /* Launch Screen.storyboard in Resources */ = {isa = PBXBuildFile; fileRef = 7658AB0B2112C38A00723CF0 /* Launch Screen.storyboard */; };
		8EE53E7224CEA484008D8045 /* Images.xcassets in Resources */ = {isa = PBXBuildFile; fileRef = 8E7FFE2B20F5E5FF006CED48 /* Images.xcassets */; };
		8EE53E7924CF0D72008D8045 /* CustomTabbarViewController.swift in Sources */ = {isa = PBXBuildFile; fileRef = 8EE53E7824CF0D72008D8045 /* CustomTabbarViewController.swift */; };
		8EE53E7D24CF1427008D8045 /* MainListVC+CoreLocation.swift in Sources */ = {isa = PBXBuildFile; fileRef = 8EE53E7C24CF1427008D8045 /* MainListVC+CoreLocation.swift */; };
		8EE53E8C24CF3AB1008D8045 /* NavigaionTypeTableViewCell.swift in Sources */ = {isa = PBXBuildFile; fileRef = 8EE53E8B24CF3AB1008D8045 /* NavigaionTypeTableViewCell.swift */; };
		8EE53E8F24CF3CEC008D8045 /* FindNavigationVC.swift in Sources */ = {isa = PBXBuildFile; fileRef = 8EE53E8E24CF3CEC008D8045 /* FindNavigationVC.swift */; };
		8EE53E9324D016B4008D8045 /* SettingAboutUsVC.swift in Sources */ = {isa = PBXBuildFile; fileRef = 8EE53E9224D016B4008D8045 /* SettingAboutUsVC.swift */; };
		8EE53E9524D01828008D8045 /* AboutUsTableViewCell.swift in Sources */ = {isa = PBXBuildFile; fileRef = 8EE53E9424D01828008D8045 /* AboutUsTableViewCell.swift */; };
		8EF8481A24E39B23009A32D8 /* EditSalePriceViewModel.swift in Sources */ = {isa = PBXBuildFile; fileRef = 8EF8481924E39B23009A32D8 /* EditSalePriceViewModel.swift */; };
		8EF8481C24E39C03009A32D8 /* SettingEditSalePriceVC.swift in Sources */ = {isa = PBXBuildFile; fileRef = 8EF8481B24E39C03009A32D8 /* SettingEditSalePriceVC.swift */; };
		E2E9B4E3DDF2DC61D6492C4B /* Pods_FavoriteWidgetExtension.framework in Frameworks */ = {isa = PBXBuildFile; fileRef = EA270F4C9F8787CC0D069A8E /* Pods_FavoriteWidgetExtension.framework */; };
		E9400FDE27B0A3E2003168C6 /* NaverMapMarker.swift in Sources */ = {isa = PBXBuildFile; fileRef = E9400FDD27B0A3E2003168C6 /* NaverMapMarker.swift */; };
		E9400FE027B0A3F0003168C6 /* StationInfoView.swift in Sources */ = {isa = PBXBuildFile; fileRef = E9400FDF27B0A3F0003168C6 /* StationInfoView.swift */; };
		E9400FE227B0A467003168C6 /* StationAPI.swift in Sources */ = {isa = PBXBuildFile; fileRef = E9400FE127B0A467003168C6 /* StationAPI.swift */; };
		E9400FE427B0D704003168C6 /* StationToolTipView.swift in Sources */ = {isa = PBXBuildFile; fileRef = E9400FE327B0D704003168C6 /* StationToolTipView.swift */; };
		E9400FE627B0D719003168C6 /* StationInfoPriceView.swift in Sources */ = {isa = PBXBuildFile; fileRef = E9400FE527B0D719003168C6 /* StationInfoPriceView.swift */; };
		E9400FE827B1146E003168C6 /* StationInfoGuideView.swift in Sources */ = {isa = PBXBuildFile; fileRef = E9400FE727B1146E003168C6 /* StationInfoGuideView.swift */; };
		E9400FEA27B11C76003168C6 /* UIView+.swift in Sources */ = {isa = PBXBuildFile; fileRef = E9400FE927B11C76003168C6 /* UIView+.swift */; };
		E94D0F0027BB3DBC00BCB092 /* GasStationCell.swift in Sources */ = {isa = PBXBuildFile; fileRef = E94D0EFF27BB3DBC00BCB092 /* GasStationCell.swift */; };
		E94D0F0227BB467600BCB092 /* GasStationTitleView.swift in Sources */ = {isa = PBXBuildFile; fileRef = E94D0F0127BB467600BCB092 /* GasStationTitleView.swift */; };
		E94D0F0427BB490C00BCB092 /* GasStationBottomView.swift in Sources */ = {isa = PBXBuildFile; fileRef = E94D0F0327BB490C00BCB092 /* GasStationBottomView.swift */; };
		E94D0F0627BB4AE000BCB092 /* GasStationPriceView.swift in Sources */ = {isa = PBXBuildFile; fileRef = E94D0F0527BB4AE000BCB092 /* GasStationPriceView.swift */; };
		E94D0F0827BB4D5800BCB092 /* GasStationExpandView.swift in Sources */ = {isa = PBXBuildFile; fileRef = E94D0F0727BB4D5800BCB092 /* GasStationExpandView.swift */; };
		E94D0F0A27BB50D000BCB092 /* GasStationDirectionView.swift in Sources */ = {isa = PBXBuildFile; fileRef = E94D0F0927BB50D000BCB092 /* GasStationDirectionView.swift */; };
		E94D0F0C27BB56D100BCB092 /* GasStationView.swift in Sources */ = {isa = PBXBuildFile; fileRef = E94D0F0B27BB56D100BCB092 /* GasStationView.swift */; };
		E957E39727A03B8100031125 /* TMapSDK.framework in Frameworks */ = {isa = PBXBuildFile; fileRef = E957E39627A03B8100031125 /* TMapSDK.framework */; platformFilter = ios; };
		E957E39827A03B8100031125 /* TMapSDK.framework in Embed Frameworks */ = {isa = PBXBuildFile; fileRef = E957E39627A03B8100031125 /* TMapSDK.framework */; settings = {ATTRIBUTES = (CodeSignOnCopy, RemoveHeadersOnCopy, ); }; };
		E957E39A27A03BA600031125 /* TMapSDK.framework in Frameworks */ = {isa = PBXBuildFile; fileRef = E957E39627A03B8100031125 /* TMapSDK.framework */; platformFilter = ios; };
		E957E39B27A03BA600031125 /* TMapSDK.framework in Embed Frameworks */ = {isa = PBXBuildFile; fileRef = E957E39627A03B8100031125 /* TMapSDK.framework */; settings = {ATTRIBUTES = (CodeSignOnCopy, RemoveHeadersOnCopy, ); }; };
		E96E601D27CE00A6005BB593 /* MainListVC.swift in Sources */ = {isa = PBXBuildFile; fileRef = E96E601C27CE00A6005BB593 /* MainListVC.swift */; };
		E96E601F27CE0351005BB593 /* MainListViewModel.swift in Sources */ = {isa = PBXBuildFile; fileRef = E96E601E27CE0351005BB593 /* MainListViewModel.swift */; };
		E9BAA8A427D1807A0051A57A /* KakaoCommon.framework in Frameworks */ = {isa = PBXBuildFile; fileRef = 2C48843D276AF23B007383C2 /* KakaoCommon.framework */; };
		E9BAA8A627D1807A0051A57A /* KakaoNavi.framework in Frameworks */ = {isa = PBXBuildFile; fileRef = 2C48843C276AF23B007383C2 /* KakaoNavi.framework */; };
		E9BAA8AC27D180BE0051A57A /* KakaoCommon.framework in Frameworks */ = {isa = PBXBuildFile; fileRef = 2C48843D276AF23B007383C2 /* KakaoCommon.framework */; };
		E9BAA8AE27D180BF0051A57A /* KakaoNavi.framework in Frameworks */ = {isa = PBXBuildFile; fileRef = 2C48843C276AF23B007383C2 /* KakaoNavi.framework */; };
		E9CD1AF427B54A9400C1375E /* FloatingPanelController+.swift in Sources */ = {isa = PBXBuildFile; fileRef = E9CD1AF327B54A9400C1375E /* FloatingPanelController+.swift */; };
		E9CD1AF627B54D4000C1375E /* StationInfoVC.swift in Sources */ = {isa = PBXBuildFile; fileRef = E9CD1AF527B54D4000C1375E /* StationInfoVC.swift */; };
		E9D1445627CECA620055141A /* ToListView.swift in Sources */ = {isa = PBXBuildFile; fileRef = E9D1445527CECA620055141A /* ToListView.swift */; };
		E9D1445827CED3120055141A /* InfoListView.swift in Sources */ = {isa = PBXBuildFile; fileRef = E9D1445727CED3120055141A /* InfoListView.swift */; };
		F362C63C0574D48555F1F335 /* Pods_OilPrice_Where.framework in Frameworks */ = {isa = PBXBuildFile; fileRef = 692C04AA68557BE6FEE04C04 /* Pods_OilPrice_Where.framework */; };
/* End PBXBuildFile section */

/* Begin PBXContainerItemProxy section */
		8EAEB15824F41AFF00B5E6CE /* PBXContainerItemProxy */ = {
			isa = PBXContainerItemProxy;
			containerPortal = 8E7FFE1920F5E5FF006CED48 /* Project object */;
			proxyType = 1;
			remoteGlobalIDString = 8EAEB14D24F41AFF00B5E6CE;
			remoteInfo = FavoriteWidgetExtension;
		};
/* End PBXContainerItemProxy section */

/* Begin PBXCopyFilesBuildPhase section */
		8EAEB14624F4124900B5E6CE /* Embed App Extensions */ = {
			isa = PBXCopyFilesBuildPhase;
			buildActionMask = 2147483647;
			dstPath = "";
			dstSubfolderSpec = 13;
			files = (
				8EAEB15A24F41AFF00B5E6CE /* FavoriteWidgetExtension.appex in Embed App Extensions */,
			);
			name = "Embed App Extensions";
			runOnlyForDeploymentPostprocessing = 0;
		};
		E957E39927A03B8100031125 /* Embed Frameworks */ = {
			isa = PBXCopyFilesBuildPhase;
			buildActionMask = 2147483647;
			dstPath = "";
			dstSubfolderSpec = 10;
			files = (
				E957E39827A03B8100031125 /* TMapSDK.framework in Embed Frameworks */,
			);
			name = "Embed Frameworks";
			runOnlyForDeploymentPostprocessing = 0;
		};
		E957E39C27A03BA600031125 /* Embed Frameworks */ = {
			isa = PBXCopyFilesBuildPhase;
			buildActionMask = 2147483647;
			dstPath = "";
			dstSubfolderSpec = 10;
			files = (
				E957E39B27A03BA600031125 /* TMapSDK.framework in Embed Frameworks */,
			);
			name = "Embed Frameworks";
			runOnlyForDeploymentPostprocessing = 0;
		};
/* End PBXCopyFilesBuildPhase section */

/* Begin PBXFileReference section */
		0CA5D7D421E19FB61B55E40C /* Pods-FavoriteWidgetExtension.debug.xcconfig */ = {isa = PBXFileReference; includeInIndex = 1; lastKnownFileType = text.xcconfig; name = "Pods-FavoriteWidgetExtension.debug.xcconfig"; path = "Pods/Target Support Files/Pods-FavoriteWidgetExtension/Pods-FavoriteWidgetExtension.debug.xcconfig"; sourceTree = "<group>"; };
		29B226422121FDC60012B2F6 /* AverageCostData.swift */ = {isa = PBXFileReference; lastKnownFileType = sourcecode.swift; name = AverageCostData.swift; path = "OilPrice-Where/AverageCostData.swift"; sourceTree = SOURCE_ROOT; };
		29B2264421228ECE0012B2F6 /* FirebaseUtility.swift */ = {isa = PBXFileReference; lastKnownFileType = sourcecode.swift; path = FirebaseUtility.swift; sourceTree = "<group>"; };
		29B226522126A8B90012B2F6 /* NanumSquareRoundL.ttf */ = {isa = PBXFileReference; lastKnownFileType = file; path = NanumSquareRoundL.ttf; sourceTree = "<group>"; };
		29B226532126A8BA0012B2F6 /* NanumSquareRoundB.ttf */ = {isa = PBXFileReference; lastKnownFileType = file; path = NanumSquareRoundB.ttf; sourceTree = "<group>"; };
		29B226542126A8BB0012B2F6 /* NanumSquareRoundEB.ttf */ = {isa = PBXFileReference; lastKnownFileType = file; path = NanumSquareRoundEB.ttf; sourceTree = "<group>"; };
		29B226552126A8BD0012B2F6 /* NanumSquareRoundR.ttf */ = {isa = PBXFileReference; lastKnownFileType = file; path = NanumSquareRoundR.ttf; sourceTree = "<group>"; };
		2C0C68BD276B0DDC00945CEC /* swiftgen.yml */ = {isa = PBXFileReference; fileEncoding = 4; lastKnownFileType = text.yaml; path = swiftgen.yml; sourceTree = SOURCE_ROOT; };
		2C0C68BF276B0E3300945CEC /* Colors.xcassets */ = {isa = PBXFileReference; lastKnownFileType = folder.assetcatalog; path = Colors.xcassets; sourceTree = "<group>"; };
		2C0C68C1276B0E8600945CEC /* XCAssets+Generated.swift */ = {isa = PBXFileReference; lastKnownFileType = sourcecode.swift; path = "XCAssets+Generated.swift"; sourceTree = "<group>"; };
		2C0C68C3276B0EE200945CEC /* Fonts+Generated.swift */ = {isa = PBXFileReference; lastKnownFileType = sourcecode.swift; path = "Fonts+Generated.swift"; sourceTree = "<group>"; };
		2C0C68C7276B25AB00945CEC /* UIReusable+Extension.swift */ = {isa = PBXFileReference; lastKnownFileType = sourcecode.swift; path = "UIReusable+Extension.swift"; sourceTree = "<group>"; };
		2C0C68C9276B31CA00945CEC /* Tabbar+Extension.swift */ = {isa = PBXFileReference; lastKnownFileType = sourcecode.swift; path = "Tabbar+Extension.swift"; sourceTree = "<group>"; };
		2C0C68DF276B633B00945CEC /* SettingTableViewCell.swift */ = {isa = PBXFileReference; lastKnownFileType = sourcecode.swift; path = SettingTableViewCell.swift; sourceTree = "<group>"; };
		2C0C68E1276B6C9A00945CEC /* UIViewController+Extension.swift */ = {isa = PBXFileReference; lastKnownFileType = sourcecode.swift; path = "UIViewController+Extension.swift"; sourceTree = "<group>"; };
		2C0E1CD626022F11006C2C3D /* GoogleService-Info.plist */ = {isa = PBXFileReference; lastKnownFileType = text.plist; path = "GoogleService-Info.plist"; sourceTree = SOURCE_ROOT; };
		2C1FBE19276AE39000E57F8A /* SelectTypeView.swift */ = {isa = PBXFileReference; lastKnownFileType = sourcecode.swift; path = SelectTypeView.swift; sourceTree = "<group>"; };
		2C48843C276AF23B007383C2 /* KakaoNavi.framework */ = {isa = PBXFileReference; lastKnownFileType = wrapper.framework; name = KakaoNavi.framework; path = Kakao/KakaoNavi.framework; sourceTree = "<group>"; };
		2C48843D276AF23B007383C2 /* KakaoCommon.framework */ = {isa = PBXFileReference; lastKnownFileType = wrapper.framework; name = KakaoCommon.framework; path = Kakao/KakaoCommon.framework; sourceTree = "<group>"; };
		2CA4726327992D0A00DB0DDD /* CLLocationManager+.swift */ = {isa = PBXFileReference; lastKnownFileType = sourcecode.swift; path = "CLLocationManager+.swift"; sourceTree = "<group>"; };
		2CA47265279931B500DB0DDD /* MainViewModel.swift */ = {isa = PBXFileReference; lastKnownFileType = sourcecode.swift; path = MainViewModel.swift; sourceTree = "<group>"; };
		2CAC81DC276B948B00CC6096 /* CustomKVView.swift */ = {isa = PBXFileReference; lastKnownFileType = sourcecode.swift; path = CustomKVView.swift; sourceTree = "<group>"; };
		2CAC81DE276B966300CC6096 /* FavoritesGasStationViewModel.swift */ = {isa = PBXFileReference; lastKnownFileType = sourcecode.swift; path = FavoritesGasStationViewModel.swift; sourceTree = "<group>"; };
		2CAC81E0276B9A7200CC6096 /* KVVStackView.swift */ = {isa = PBXFileReference; lastKnownFileType = sourcecode.swift; path = KVVStackView.swift; sourceTree = "<group>"; };
		2CAC81E2276BA31D00CC6096 /* CustomNavigationView.swift */ = {isa = PBXFileReference; lastKnownFileType = sourcecode.swift; path = CustomNavigationView.swift; sourceTree = "<group>"; };
		2CAC81E4276BA63400CC6096 /* LodingView.swift */ = {isa = PBXFileReference; lastKnownFileType = sourcecode.swift; path = LodingView.swift; sourceTree = "<group>"; };
		2CAC81E6276BAA9C00CC6096 /* NoneFavoriteView.swift */ = {isa = PBXFileReference; lastKnownFileType = sourcecode.swift; path = NoneFavoriteView.swift; sourceTree = "<group>"; };
		2CC1C809276C79F5007527C7 /* MainListNoneView.swift */ = {isa = PBXFileReference; lastKnownFileType = sourcecode.swift; path = MainListNoneView.swift; sourceTree = "<group>"; };
		2CC1C80B276C8123007527C7 /* MainVC.swift */ = {isa = PBXFileReference; lastKnownFileType = sourcecode.swift; path = MainVC.swift; sourceTree = "<group>"; };
		2CC1C80D276C8610007527C7 /* MainMapView.swift */ = {isa = PBXFileReference; lastKnownFileType = sourcecode.swift; path = MainMapView.swift; sourceTree = "<group>"; };
		5ADD44E371ADD94F9E7AFB44 /* Pods-OilPrice-Where.release.xcconfig */ = {isa = PBXFileReference; includeInIndex = 1; lastKnownFileType = text.xcconfig; name = "Pods-OilPrice-Where.release.xcconfig"; path = "Pods/Target Support Files/Pods-OilPrice-Where/Pods-OilPrice-Where.release.xcconfig"; sourceTree = "<group>"; };
		692C04AA68557BE6FEE04C04 /* Pods_OilPrice_Where.framework */ = {isa = PBXFileReference; explicitFileType = wrapper.framework; includeInIndex = 0; path = Pods_OilPrice_Where.framework; sourceTree = BUILT_PRODUCTS_DIR; };
		764A2D25212C8A2B00B0B3D8 /* FavoritesGasStationVC.swift */ = {isa = PBXFileReference; lastKnownFileType = sourcecode.swift; path = FavoritesGasStationVC.swift; sourceTree = "<group>"; };
		765830AC212699FD006DFE2E /* InformationGasStaion.swift */ = {isa = PBXFileReference; lastKnownFileType = sourcecode.swift; path = InformationGasStaion.swift; sourceTree = "<group>"; };
		7658AB0B2112C38A00723CF0 /* Launch Screen.storyboard */ = {isa = PBXFileReference; lastKnownFileType = file.storyboard; path = "Launch Screen.storyboard"; sourceTree = "<group>"; };
		865E1877381F722FB0DBBE14 /* Pods-FavoriteWidgetExtension.release.xcconfig */ = {isa = PBXFileReference; includeInIndex = 1; lastKnownFileType = text.xcconfig; name = "Pods-FavoriteWidgetExtension.release.xcconfig"; path = "Pods/Target Support Files/Pods-FavoriteWidgetExtension/Pods-FavoriteWidgetExtension.release.xcconfig"; sourceTree = "<group>"; };
		8E167D3A2107AD480066A59E /* Service.swift */ = {isa = PBXFileReference; lastKnownFileType = sourcecode.swift; path = Service.swift; sourceTree = "<group>"; };
		8E167D3C2107AEA30066A59E /* API.swift */ = {isa = PBXFileReference; lastKnownFileType = sourcecode.swift; name = API.swift; path = "OilPrice-Where/API.swift"; sourceTree = SOURCE_ROOT; };
		8E167D3E2107D95C0066A59E /* GeoConverter.swift */ = {isa = PBXFileReference; lastKnownFileType = sourcecode.swift; path = GeoConverter.swift; sourceTree = "<group>"; };
		8E167D402107E30F0066A59E /* GasStationListData.swift */ = {isa = PBXFileReference; lastKnownFileType = sourcecode.swift; name = GasStationListData.swift; path = "OilPrice-Where/GasStationListData.swift"; sourceTree = SOURCE_ROOT; };
		8E1BB8EC2107E78D0065281B /* ServiceResult.swift */ = {isa = PBXFileReference; lastKnownFileType = sourcecode.swift; path = ServiceResult.swift; sourceTree = "<group>"; };
		8E1BB8EE2107E9A60065281B /* DataUtility.swift */ = {isa = PBXFileReference; lastKnownFileType = sourcecode.swift; path = DataUtility.swift; sourceTree = "<group>"; };
		8E40DB1824D7E45400352F7E /* InitialViewModel.swift */ = {isa = PBXFileReference; lastKnownFileType = sourcecode.swift; path = InitialViewModel.swift; sourceTree = "<group>"; };
		8E4DBA4324E43492002E605C /* SalePriceTableViewCell.swift */ = {isa = PBXFileReference; lastKnownFileType = sourcecode.swift; path = SalePriceTableViewCell.swift; sourceTree = "<group>"; };
		8E68BA1424CCC560004730D7 /* FindOilTypeViewModel.swift */ = {isa = PBXFileReference; lastKnownFileType = sourcecode.swift; path = FindOilTypeViewModel.swift; sourceTree = "<group>"; };
		8E68BA1624CCC5F7004730D7 /* ViewModelBindableType.swift */ = {isa = PBXFileReference; lastKnownFileType = sourcecode.swift; path = ViewModelBindableType.swift; sourceTree = "<group>"; };
		8E68BA1824CCC61A004730D7 /* CommonViewModel.swift */ = {isa = PBXFileReference; lastKnownFileType = sourcecode.swift; path = CommonViewModel.swift; sourceTree = "<group>"; };
		8E68BA1A24CCC645004730D7 /* CommonViewController.swift */ = {isa = PBXFileReference; lastKnownFileType = sourcecode.swift; path = CommonViewController.swift; sourceTree = "<group>"; };
		8E68BA1C24CCC863004730D7 /* FindOilVC.swift */ = {isa = PBXFileReference; lastKnownFileType = sourcecode.swift; path = FindOilVC.swift; sourceTree = "<group>"; };
		8E68BA1E24CCCCE5004730D7 /* FindDistanceVC.swift */ = {isa = PBXFileReference; lastKnownFileType = sourcecode.swift; path = FindDistanceVC.swift; sourceTree = "<group>"; };
		8E68BA2024CCCD07004730D7 /* FindDistanceViewModel.swift */ = {isa = PBXFileReference; lastKnownFileType = sourcecode.swift; path = FindDistanceViewModel.swift; sourceTree = "<group>"; };
		8E68BA2224CCCF32004730D7 /* FindBrandViewModel.swift */ = {isa = PBXFileReference; lastKnownFileType = sourcecode.swift; path = FindBrandViewModel.swift; sourceTree = "<group>"; };
		8E68BA2424CCCF95004730D7 /* FindBrandVC.swift */ = {isa = PBXFileReference; lastKnownFileType = sourcecode.swift; path = FindBrandVC.swift; sourceTree = "<group>"; };
		8E68BA2824CCD472004730D7 /* FindNavigationViewModel.swift */ = {isa = PBXFileReference; lastKnownFileType = sourcecode.swift; path = FindNavigationViewModel.swift; sourceTree = "<group>"; };
		8E68BA2A24CCDF92004730D7 /* FavoriteCollectionViewCell.swift */ = {isa = PBXFileReference; lastKnownFileType = sourcecode.swift; path = FavoriteCollectionViewCell.swift; sourceTree = "<group>"; };
		8E7FFE2120F5E5FF006CED48 /* OilPrice-Where.app */ = {isa = PBXFileReference; explicitFileType = wrapper.application; includeInIndex = 0; path = "OilPrice-Where.app"; sourceTree = BUILT_PRODUCTS_DIR; };
		8E7FFE2420F5E5FF006CED48 /* AppDelegate.swift */ = {isa = PBXFileReference; lastKnownFileType = sourcecode.swift; path = AppDelegate.swift; sourceTree = "<group>"; };
		8E7FFE2920F5E5FF006CED48 /* Base */ = {isa = PBXFileReference; lastKnownFileType = file.storyboard; name = Base; path = Base.lproj/Main.storyboard; sourceTree = "<group>"; };
		8E7FFE2B20F5E5FF006CED48 /* Images.xcassets */ = {isa = PBXFileReference; lastKnownFileType = folder.assetcatalog; path = Images.xcassets; sourceTree = "<group>"; };
		8E7FFE3020F5E600006CED48 /* Info.plist */ = {isa = PBXFileReference; lastKnownFileType = text.plist.xml; path = Info.plist; sourceTree = "<group>"; };
		8E7FFE3820F5EA1C006CED48 /* SettingVC.swift */ = {isa = PBXFileReference; lastKnownFileType = sourcecode.swift; path = SettingVC.swift; sourceTree = "<group>"; };
		8EAEB14E24F41AFF00B5E6CE /* FavoriteWidgetExtension.appex */ = {isa = PBXFileReference; explicitFileType = "wrapper.app-extension"; includeInIndex = 0; path = FavoriteWidgetExtension.appex; sourceTree = BUILT_PRODUCTS_DIR; };
		8EAEB14F24F41AFF00B5E6CE /* NotificationCenter.framework */ = {isa = PBXFileReference; lastKnownFileType = wrapper.framework; name = NotificationCenter.framework; path = System/Library/Frameworks/NotificationCenter.framework; sourceTree = SDKROOT; };
		8EAEB15224F41AFF00B5E6CE /* TodayViewController.swift */ = {isa = PBXFileReference; lastKnownFileType = sourcecode.swift; path = TodayViewController.swift; sourceTree = "<group>"; };
		8EAEB15524F41AFF00B5E6CE /* Base */ = {isa = PBXFileReference; lastKnownFileType = file.storyboard; name = Base; path = Base.lproj/MainInterface.storyboard; sourceTree = "<group>"; };
		8EAEB15724F41AFF00B5E6CE /* Info.plist */ = {isa = PBXFileReference; lastKnownFileType = text.plist.xml; path = Info.plist; sourceTree = "<group>"; };
		8EAEB16224F4B31E00B5E6CE /* FavoriteCollectionViewCell.swift */ = {isa = PBXFileReference; lastKnownFileType = sourcecode.swift; path = FavoriteCollectionViewCell.swift; sourceTree = "<group>"; };
		8EAEB16624F4B9FC00B5E6CE /* OilPrice-Where.entitlements */ = {isa = PBXFileReference; lastKnownFileType = text.plist.entitlements; path = "OilPrice-Where.entitlements"; sourceTree = "<group>"; };
		8EAEB16724F4BA2200B5E6CE /* FavoriteWidgetExtension.entitlements */ = {isa = PBXFileReference; lastKnownFileType = text.plist.entitlements; path = FavoriteWidgetExtension.entitlements; sourceTree = "<group>"; };
		8EB5C2E72139214700AB83BB /* Reachability.swift */ = {isa = PBXFileReference; lastKnownFileType = sourcecode.swift; path = Reachability.swift; sourceTree = "<group>"; };
		8ECE0D502119607300FF2B46 /* KakaoNavi-Bridging-Header.h */ = {isa = PBXFileReference; lastKnownFileType = sourcecode.c.h; path = "KakaoNavi-Bridging-Header.h"; sourceTree = "<group>"; };
		8ECE0D51211AD42600FF2B46 /* Setting.swift */ = {isa = PBXFileReference; lastKnownFileType = sourcecode.swift; name = Setting.swift; path = "OilPrice-Where/Setting.swift"; sourceTree = SOURCE_ROOT; };
		8ECE0D53211AF0C300FF2B46 /* DefaultData.swift */ = {isa = PBXFileReference; lastKnownFileType = sourcecode.swift; name = DefaultData.swift; path = "OilPrice-Where/DefaultData.swift"; sourceTree = SOURCE_ROOT; };
		8ECE0D75211C31F900FF2B46 /* UserInfo.plist */ = {isa = PBXFileReference; lastKnownFileType = text.plist.xml; path = UserInfo.plist; sourceTree = "<group>"; };
		8ECE0D7B211C3CFC00FF2B46 /* OilTypeTableViewCell.swift */ = {isa = PBXFileReference; lastKnownFileType = sourcecode.swift; path = OilTypeTableViewCell.swift; sourceTree = "<group>"; };
		8ECE0D7D211CB1F800FF2B46 /* FindDistanceTableViewCell.swift */ = {isa = PBXFileReference; lastKnownFileType = sourcecode.swift; path = FindDistanceTableViewCell.swift; sourceTree = "<group>"; };
		8ECE0DA32122D62B00FF2B46 /* GasStationVie.swift */ = {isa = PBXFileReference; lastKnownFileType = sourcecode.swift; path = GasStationVie.swift; sourceTree = "<group>"; };
		8ECE0DA9212385FB00FF2B46 /* AllPriceData.swift */ = {isa = PBXFileReference; lastKnownFileType = sourcecode.swift; name = AllPriceData.swift; path = "OilPrice-Where/AllPriceData.swift"; sourceTree = SOURCE_ROOT; };
		8EDAF7D721295AEF00422552 /* InitialSettingVC.swift */ = {isa = PBXFileReference; lastKnownFileType = sourcecode.swift; path = InitialSettingVC.swift; sourceTree = "<group>"; };
		8EDAF7D9212D7EF300422552 /* DetailView.swift */ = {isa = PBXFileReference; lastKnownFileType = sourcecode.swift; path = DetailView.swift; sourceTree = "<group>"; };
		8EDE51B324D5C32C004590B6 /* FavoriteCellViewModel.swift */ = {isa = PBXFileReference; lastKnownFileType = sourcecode.swift; path = FavoriteCellViewModel.swift; sourceTree = "<group>"; };
		8EE0A2FA21DDF49E00C159D0 /* BrandTypeTableViewCell.swift */ = {isa = PBXFileReference; lastKnownFileType = sourcecode.swift; path = BrandTypeTableViewCell.swift; sourceTree = "<group>"; };
		8EE53E7824CF0D72008D8045 /* CustomTabbarViewController.swift */ = {isa = PBXFileReference; lastKnownFileType = sourcecode.swift; path = CustomTabbarViewController.swift; sourceTree = "<group>"; };
		8EE53E7C24CF1427008D8045 /* MainListVC+CoreLocation.swift */ = {isa = PBXFileReference; lastKnownFileType = sourcecode.swift; path = "MainListVC+CoreLocation.swift"; sourceTree = "<group>"; };
		8EE53E8B24CF3AB1008D8045 /* NavigaionTypeTableViewCell.swift */ = {isa = PBXFileReference; lastKnownFileType = sourcecode.swift; path = NavigaionTypeTableViewCell.swift; sourceTree = "<group>"; };
		8EE53E8E24CF3CEC008D8045 /* FindNavigationVC.swift */ = {isa = PBXFileReference; lastKnownFileType = sourcecode.swift; path = FindNavigationVC.swift; sourceTree = "<group>"; };
		8EE53E9224D016B4008D8045 /* SettingAboutUsVC.swift */ = {isa = PBXFileReference; lastKnownFileType = sourcecode.swift; path = SettingAboutUsVC.swift; sourceTree = "<group>"; };
		8EE53E9424D01828008D8045 /* AboutUsTableViewCell.swift */ = {isa = PBXFileReference; lastKnownFileType = sourcecode.swift; path = AboutUsTableViewCell.swift; sourceTree = "<group>"; };
		8EF8481924E39B23009A32D8 /* EditSalePriceViewModel.swift */ = {isa = PBXFileReference; lastKnownFileType = sourcecode.swift; path = EditSalePriceViewModel.swift; sourceTree = "<group>"; };
		8EF8481B24E39C03009A32D8 /* SettingEditSalePriceVC.swift */ = {isa = PBXFileReference; lastKnownFileType = sourcecode.swift; path = SettingEditSalePriceVC.swift; sourceTree = "<group>"; };
		AECFB34A675AA17BD31A72A0 /* Pods-OilPrice-Where.debug.xcconfig */ = {isa = PBXFileReference; includeInIndex = 1; lastKnownFileType = text.xcconfig; name = "Pods-OilPrice-Where.debug.xcconfig"; path = "Pods/Target Support Files/Pods-OilPrice-Where/Pods-OilPrice-Where.debug.xcconfig"; sourceTree = "<group>"; };
		E9400FDD27B0A3E2003168C6 /* NaverMapMarker.swift */ = {isa = PBXFileReference; lastKnownFileType = sourcecode.swift; path = NaverMapMarker.swift; sourceTree = "<group>"; };
		E9400FDF27B0A3F0003168C6 /* StationInfoView.swift */ = {isa = PBXFileReference; lastKnownFileType = sourcecode.swift; path = StationInfoView.swift; sourceTree = "<group>"; };
		E9400FE127B0A467003168C6 /* StationAPI.swift */ = {isa = PBXFileReference; lastKnownFileType = sourcecode.swift; path = StationAPI.swift; sourceTree = "<group>"; };
		E9400FE327B0D704003168C6 /* StationToolTipView.swift */ = {isa = PBXFileReference; lastKnownFileType = sourcecode.swift; path = StationToolTipView.swift; sourceTree = "<group>"; };
		E9400FE527B0D719003168C6 /* StationInfoPriceView.swift */ = {isa = PBXFileReference; lastKnownFileType = sourcecode.swift; path = StationInfoPriceView.swift; sourceTree = "<group>"; };
		E9400FE727B1146E003168C6 /* StationInfoGuideView.swift */ = {isa = PBXFileReference; lastKnownFileType = sourcecode.swift; path = StationInfoGuideView.swift; sourceTree = "<group>"; };
		E9400FE927B11C76003168C6 /* UIView+.swift */ = {isa = PBXFileReference; lastKnownFileType = sourcecode.swift; path = "UIView+.swift"; sourceTree = "<group>"; };
		E94D0EFF27BB3DBC00BCB092 /* GasStationCell.swift */ = {isa = PBXFileReference; lastKnownFileType = sourcecode.swift; path = GasStationCell.swift; sourceTree = "<group>"; };
		E94D0F0127BB467600BCB092 /* GasStationTitleView.swift */ = {isa = PBXFileReference; lastKnownFileType = sourcecode.swift; path = GasStationTitleView.swift; sourceTree = "<group>"; };
		E94D0F0327BB490C00BCB092 /* GasStationBottomView.swift */ = {isa = PBXFileReference; lastKnownFileType = sourcecode.swift; path = GasStationBottomView.swift; sourceTree = "<group>"; };
		E94D0F0527BB4AE000BCB092 /* GasStationPriceView.swift */ = {isa = PBXFileReference; lastKnownFileType = sourcecode.swift; path = GasStationPriceView.swift; sourceTree = "<group>"; };
		E94D0F0727BB4D5800BCB092 /* GasStationExpandView.swift */ = {isa = PBXFileReference; lastKnownFileType = sourcecode.swift; path = GasStationExpandView.swift; sourceTree = "<group>"; };
		E94D0F0927BB50D000BCB092 /* GasStationDirectionView.swift */ = {isa = PBXFileReference; lastKnownFileType = sourcecode.swift; path = GasStationDirectionView.swift; sourceTree = "<group>"; };
		E94D0F0B27BB56D100BCB092 /* GasStationView.swift */ = {isa = PBXFileReference; lastKnownFileType = sourcecode.swift; path = GasStationView.swift; sourceTree = "<group>"; };
		E957E39627A03B8100031125 /* TMapSDK.framework */ = {isa = PBXFileReference; lastKnownFileType = wrapper.framework; path = TMapSDK.framework; sourceTree = "<group>"; };
		E96E601C27CE00A6005BB593 /* MainListVC.swift */ = {isa = PBXFileReference; lastKnownFileType = sourcecode.swift; path = MainListVC.swift; sourceTree = "<group>"; };
		E96E601E27CE0351005BB593 /* MainListViewModel.swift */ = {isa = PBXFileReference; lastKnownFileType = sourcecode.swift; path = MainListViewModel.swift; sourceTree = "<group>"; };
		E9CD1AF327B54A9400C1375E /* FloatingPanelController+.swift */ = {isa = PBXFileReference; lastKnownFileType = sourcecode.swift; path = "FloatingPanelController+.swift"; sourceTree = "<group>"; };
		E9CD1AF527B54D4000C1375E /* StationInfoVC.swift */ = {isa = PBXFileReference; lastKnownFileType = sourcecode.swift; path = StationInfoVC.swift; sourceTree = "<group>"; };
		E9D1445527CECA620055141A /* ToListView.swift */ = {isa = PBXFileReference; lastKnownFileType = sourcecode.swift; path = ToListView.swift; sourceTree = "<group>"; };
		E9D1445727CED3120055141A /* InfoListView.swift */ = {isa = PBXFileReference; lastKnownFileType = sourcecode.swift; path = InfoListView.swift; sourceTree = "<group>"; };
		EA270F4C9F8787CC0D069A8E /* Pods_FavoriteWidgetExtension.framework */ = {isa = PBXFileReference; explicitFileType = wrapper.framework; includeInIndex = 0; path = Pods_FavoriteWidgetExtension.framework; sourceTree = BUILT_PRODUCTS_DIR; };
/* End PBXFileReference section */

/* Begin PBXFrameworksBuildPhase section */
		8E7FFE1E20F5E5FF006CED48 /* Frameworks */ = {
			isa = PBXFrameworksBuildPhase;
			buildActionMask = 2147483647;
			files = (
				E9BAA8A627D1807A0051A57A /* KakaoNavi.framework in Frameworks */,
				E957E39727A03B8100031125 /* TMapSDK.framework in Frameworks */,
				E9BAA8A427D1807A0051A57A /* KakaoCommon.framework in Frameworks */,
				F362C63C0574D48555F1F335 /* Pods_OilPrice_Where.framework in Frameworks */,
			);
			runOnlyForDeploymentPostprocessing = 0;
		};
		8EAEB14B24F41AFF00B5E6CE /* Frameworks */ = {
			isa = PBXFrameworksBuildPhase;
			buildActionMask = 2147483647;
			files = (
				E9BAA8AC27D180BE0051A57A /* KakaoCommon.framework in Frameworks */,
				E957E39A27A03BA600031125 /* TMapSDK.framework in Frameworks */,
				8EAEB15024F41AFF00B5E6CE /* NotificationCenter.framework in Frameworks */,
				E2E9B4E3DDF2DC61D6492C4B /* Pods_FavoriteWidgetExtension.framework in Frameworks */,
				E9BAA8AE27D180BF0051A57A /* KakaoNavi.framework in Frameworks */,
			);
			runOnlyForDeploymentPostprocessing = 0;
		};
/* End PBXFrameworksBuildPhase section */

/* Begin PBXGroup section */
		0311CDC564670164F66F0F16 /* Frameworks */ = {
			isa = PBXGroup;
			children = (
				E957E39627A03B8100031125 /* TMapSDK.framework */,
				2C48843D276AF23B007383C2 /* KakaoCommon.framework */,
				2C48843C276AF23B007383C2 /* KakaoNavi.framework */,
				8EAEB14F24F41AFF00B5E6CE /* NotificationCenter.framework */,
				EA270F4C9F8787CC0D069A8E /* Pods_FavoriteWidgetExtension.framework */,
				692C04AA68557BE6FEE04C04 /* Pods_OilPrice_Where.framework */,
			);
			name = Frameworks;
			sourceTree = "<group>";
		};
		29B2264C2126A1210012B2F6 /* Fonts */ = {
			isa = PBXGroup;
			children = (
				29B226532126A8BA0012B2F6 /* NanumSquareRoundB.ttf */,
				29B226542126A8BB0012B2F6 /* NanumSquareRoundEB.ttf */,
				29B226522126A8B90012B2F6 /* NanumSquareRoundL.ttf */,
				29B226552126A8BD0012B2F6 /* NanumSquareRoundR.ttf */,
			);
			path = Fonts;
			sourceTree = "<group>";
		};
		2C0C68BC276B0DCA00945CEC /* SwiftGen */ = {
			isa = PBXGroup;
			children = (
				2C0C68BD276B0DDC00945CEC /* swiftgen.yml */,
				2C0C68C1276B0E8600945CEC /* XCAssets+Generated.swift */,
				2C0C68C3276B0EE200945CEC /* Fonts+Generated.swift */,
			);
			name = SwiftGen;
			sourceTree = "<group>";
		};
		2C0C68CB276B32D900945CEC /* Scenes */ = {
			isa = PBXGroup;
			children = (
				8EE53E7824CF0D72008D8045 /* CustomTabbarViewController.swift */,
				2C0C68CC276B32F100945CEC /* Initial */,
				2CC1C7FC276C52E1007527C7 /* Main */,
				2C0C68DC276B60A600945CEC /* Favorite */,
				2C0C68CE276B331100945CEC /* Setting */,
			);
			path = Scenes;
			sourceTree = "<group>";
		};
		2C0C68CC276B32F100945CEC /* Initial */ = {
			isa = PBXGroup;
			children = (
				8EDAF7D721295AEF00422552 /* InitialSettingVC.swift */,
				8E40DB1824D7E45400352F7E /* InitialViewModel.swift */,
				2C0C68CD276B330300945CEC /* View */,
			);
			path = Initial;
			sourceTree = "<group>";
		};
		2C0C68CD276B330300945CEC /* View */ = {
			isa = PBXGroup;
			children = (
				2C1FBE19276AE39000E57F8A /* SelectTypeView.swift */,
			);
			path = View;
			sourceTree = "<group>";
		};
		2C0C68CE276B331100945CEC /* Setting */ = {
			isa = PBXGroup;
			children = (
				8E7FFE3820F5EA1C006CED48 /* SettingVC.swift */,
				2C0C68DE276B632000945CEC /* Cell */,
				2C0C68D9276B5B7500945CEC /* Navigation */,
				2C0C68D7276B56E200945CEC /* Oil */,
				2C0C68D5276B4EA100945CEC /* Distance */,
				2C0C68D3276B43E800945CEC /* Brand */,
				2C0C68D1276B337800945CEC /* Card */,
				2C0C68CF276B331C00945CEC /* AboutUs */,
			);
			path = Setting;
			sourceTree = "<group>";
		};
		2C0C68CF276B331C00945CEC /* AboutUs */ = {
			isa = PBXGroup;
			children = (
				8EE53E9224D016B4008D8045 /* SettingAboutUsVC.swift */,
				2C0C68D0276B332D00945CEC /* Cell */,
			);
			path = AboutUs;
			sourceTree = "<group>";
		};
		2C0C68D0276B332D00945CEC /* Cell */ = {
			isa = PBXGroup;
			children = (
				8EE53E9424D01828008D8045 /* AboutUsTableViewCell.swift */,
			);
			path = Cell;
			sourceTree = "<group>";
		};
		2C0C68D1276B337800945CEC /* Card */ = {
			isa = PBXGroup;
			children = (
				8EF8481B24E39C03009A32D8 /* SettingEditSalePriceVC.swift */,
				8EF8481924E39B23009A32D8 /* EditSalePriceViewModel.swift */,
				2C0C68D2276B349000945CEC /* Cell */,
			);
			path = Card;
			sourceTree = "<group>";
		};
		2C0C68D2276B349000945CEC /* Cell */ = {
			isa = PBXGroup;
			children = (
				8E4DBA4324E43492002E605C /* SalePriceTableViewCell.swift */,
			);
			path = Cell;
			sourceTree = "<group>";
		};
		2C0C68D3276B43E800945CEC /* Brand */ = {
			isa = PBXGroup;
			children = (
				8E68BA2424CCCF95004730D7 /* FindBrandVC.swift */,
				8E68BA2224CCCF32004730D7 /* FindBrandViewModel.swift */,
				2C0C68D4276B477300945CEC /* Cell */,
			);
			path = Brand;
			sourceTree = "<group>";
		};
		2C0C68D4276B477300945CEC /* Cell */ = {
			isa = PBXGroup;
			children = (
				8EE0A2FA21DDF49E00C159D0 /* BrandTypeTableViewCell.swift */,
			);
			path = Cell;
			sourceTree = "<group>";
		};
		2C0C68D5276B4EA100945CEC /* Distance */ = {
			isa = PBXGroup;
			children = (
				8E68BA1E24CCCCE5004730D7 /* FindDistanceVC.swift */,
				8E68BA2024CCCD07004730D7 /* FindDistanceViewModel.swift */,
				2C0C68D6276B4FFA00945CEC /* Cell */,
			);
			path = Distance;
			sourceTree = "<group>";
		};
		2C0C68D6276B4FFA00945CEC /* Cell */ = {
			isa = PBXGroup;
			children = (
				8ECE0D7D211CB1F800FF2B46 /* FindDistanceTableViewCell.swift */,
			);
			path = Cell;
			sourceTree = "<group>";
		};
		2C0C68D7276B56E200945CEC /* Oil */ = {
			isa = PBXGroup;
			children = (
				8E68BA1C24CCC863004730D7 /* FindOilVC.swift */,
				8E68BA1424CCC560004730D7 /* FindOilTypeViewModel.swift */,
				2C0C68D8276B56FF00945CEC /* Cell */,
			);
			path = Oil;
			sourceTree = "<group>";
		};
		2C0C68D8276B56FF00945CEC /* Cell */ = {
			isa = PBXGroup;
			children = (
				8ECE0D7B211C3CFC00FF2B46 /* OilTypeTableViewCell.swift */,
			);
			path = Cell;
			sourceTree = "<group>";
		};
		2C0C68D9276B5B7500945CEC /* Navigation */ = {
			isa = PBXGroup;
			children = (
				8EE53E8E24CF3CEC008D8045 /* FindNavigationVC.swift */,
				8E68BA2824CCD472004730D7 /* FindNavigationViewModel.swift */,
				2C0C68DA276B5B9800945CEC /* Cell */,
			);
			path = Navigation;
			sourceTree = "<group>";
		};
		2C0C68DA276B5B9800945CEC /* Cell */ = {
			isa = PBXGroup;
			children = (
				8EE53E8B24CF3AB1008D8045 /* NavigaionTypeTableViewCell.swift */,
			);
			path = Cell;
			sourceTree = "<group>";
		};
		2C0C68DB276B608000945CEC /* Common */ = {
			isa = PBXGroup;
			children = (
				8E68BA1624CCC5F7004730D7 /* ViewModelBindableType.swift */,
				8E68BA1824CCC61A004730D7 /* CommonViewModel.swift */,
				8E68BA1A24CCC645004730D7 /* CommonViewController.swift */,
			);
			path = Common;
			sourceTree = "<group>";
		};
		2C0C68DC276B60A600945CEC /* Favorite */ = {
			isa = PBXGroup;
			children = (
				764A2D25212C8A2B00B0B3D8 /* FavoritesGasStationVC.swift */,
				2CAC81DE276B966300CC6096 /* FavoritesGasStationViewModel.swift */,
				2C0C68DD276B610700945CEC /* View */,
			);
			path = Favorite;
			sourceTree = "<group>";
		};
		2C0C68DD276B610700945CEC /* View */ = {
			isa = PBXGroup;
			children = (
				8E68BA2A24CCDF92004730D7 /* FavoriteCollectionViewCell.swift */,
				8EDE51B324D5C32C004590B6 /* FavoriteCellViewModel.swift */,
				2CAC81E2276BA31D00CC6096 /* CustomNavigationView.swift */,
				2CAC81DC276B948B00CC6096 /* CustomKVView.swift */,
				2CAC81E0276B9A7200CC6096 /* KVVStackView.swift */,
				2CAC81E4276BA63400CC6096 /* LodingView.swift */,
				2CAC81E6276BAA9C00CC6096 /* NoneFavoriteView.swift */,
			);
			path = View;
			sourceTree = "<group>";
		};
		2C0C68DE276B632000945CEC /* Cell */ = {
			isa = PBXGroup;
			children = (
				2C0C68DF276B633B00945CEC /* SettingTableViewCell.swift */,
			);
			path = Cell;
			sourceTree = "<group>";
		};
		2C306C2524FE261E511F8C37 /* Pods */ = {
			isa = PBXGroup;
			children = (
				AECFB34A675AA17BD31A72A0 /* Pods-OilPrice-Where.debug.xcconfig */,
				5ADD44E371ADD94F9E7AFB44 /* Pods-OilPrice-Where.release.xcconfig */,
				0CA5D7D421E19FB61B55E40C /* Pods-FavoriteWidgetExtension.debug.xcconfig */,
				865E1877381F722FB0DBBE14 /* Pods-FavoriteWidgetExtension.release.xcconfig */,
			);
			name = Pods;
			sourceTree = "<group>";
		};
		2CC1C7FC276C52E1007527C7 /* Main */ = {
			isa = PBXGroup;
			children = (
				2CC1C80B276C8123007527C7 /* MainVC.swift */,
				2CA47265279931B500DB0DDD /* MainViewModel.swift */,
				2CC1C7FD276C5B3C007527C7 /* View */,
				2CC1C805276C723A007527C7 /* List */,
			);
			path = Main;
			sourceTree = "<group>";
		};
		2CC1C7FD276C5B3C007527C7 /* View */ = {
			isa = PBXGroup;
			children = (
				2CC1C80D276C8610007527C7 /* MainMapView.swift */,
				2CC1C808276C79E5007527C7 /* Map */,
			);
			path = View;
			sourceTree = "<group>";
		};
		2CC1C805276C723A007527C7 /* List */ = {
			isa = PBXGroup;
			children = (
				E96E601C27CE00A6005BB593 /* MainListVC.swift */,
				E96E601E27CE0351005BB593 /* MainListViewModel.swift */,
				E96E601B27CE008A005BB593 /* View */,
			);
			path = List;
			sourceTree = "<group>";
		};
		2CC1C808276C79E5007527C7 /* Map */ = {
			isa = PBXGroup;
			children = (
				E9CD1AF527B54D4000C1375E /* StationInfoVC.swift */,
				E9400FDD27B0A3E2003168C6 /* NaverMapMarker.swift */,
				E9400FDF27B0A3F0003168C6 /* StationInfoView.swift */,
				E9400FE527B0D719003168C6 /* StationInfoPriceView.swift */,
				E9400FE727B1146E003168C6 /* StationInfoGuideView.swift */,
				E9400FE327B0D704003168C6 /* StationToolTipView.swift */,
				E9D1445527CECA620055141A /* ToListView.swift */,
			);
			path = Map;
			sourceTree = "<group>";
		};
		8E167D422107E7240066A59E /* AppDelegate */ = {
			isa = PBXGroup;
			children = (
				8E7FFE2420F5E5FF006CED48 /* AppDelegate.swift */,
			);
			path = AppDelegate;
			sourceTree = "<group>";
		};
		8E4DAF0920F5EC2400E4FD92 /* Model */ = {
			isa = PBXGroup;
			children = (
				8E167D3C2107AEA30066A59E /* API.swift */,
				765830AC212699FD006DFE2E /* InformationGasStaion.swift */,
				8E167D402107E30F0066A59E /* GasStationListData.swift */,
				29B226422121FDC60012B2F6 /* AverageCostData.swift */,
				8ECE0DA9212385FB00FF2B46 /* AllPriceData.swift */,
				8ECE0D51211AD42600FF2B46 /* Setting.swift */,
				8ECE0D53211AF0C300FF2B46 /* DefaultData.swift */,
			);
			path = Model;
			sourceTree = "<group>";
		};
		8E4DAF0A20F5EC2700E4FD92 /* Services */ = {
			isa = PBXGroup;
			children = (
				8E167D3A2107AD480066A59E /* Service.swift */,
				E9400FE127B0A467003168C6 /* StationAPI.swift */,
			);
			name = Services;
			sourceTree = "<group>";
		};
		8E7FFE1820F5E5FF006CED48 = {
			isa = PBXGroup;
			children = (
				8E7FFE2320F5E5FF006CED48 /* OilPrice-Where */,
				8EAEB15124F41AFF00B5E6CE /* FavoriteWidgetExtension */,
				8E7FFE2220F5E5FF006CED48 /* Products */,
				2C306C2524FE261E511F8C37 /* Pods */,
				0311CDC564670164F66F0F16 /* Frameworks */,
			);
			sourceTree = "<group>";
		};
		8E7FFE2220F5E5FF006CED48 /* Products */ = {
			isa = PBXGroup;
			children = (
				8E7FFE2120F5E5FF006CED48 /* OilPrice-Where.app */,
				8EAEB14E24F41AFF00B5E6CE /* FavoriteWidgetExtension.appex */,
			);
			name = Products;
			sourceTree = "<group>";
		};
		8E7FFE2320F5E5FF006CED48 /* OilPrice-Where */ = {
			isa = PBXGroup;
			children = (
				8EAEB16624F4B9FC00B5E6CE /* OilPrice-Where.entitlements */,
				8E167D422107E7240066A59E /* AppDelegate */,
				8EE7E34720F5EDA400F35473 /* Utility */,
				8E4DAF0920F5EC2400E4FD92 /* Model */,
				8E4DAF0A20F5EC2700E4FD92 /* Services */,
				2C0C68CB276B32D900945CEC /* Scenes */,
				8E7FFE3F20F5EB46006CED48 /* ViewController */,
				8E7FFE4120F5EBD2006CED48 /* View */,
				8E7FFE3D20F5EABE006CED48 /* Resources */,
				8E7FFE3E20F5EB17006CED48 /* SupportFiles */,
			);
			path = "OilPrice-Where";
			sourceTree = "<group>";
		};
		8E7FFE3D20F5EABE006CED48 /* Resources */ = {
			isa = PBXGroup;
			children = (
				2C0C68BC276B0DCA00945CEC /* SwiftGen */,
				8E7FFE4020F5EB69006CED48 /* Main */,
				8E7FFE2B20F5E5FF006CED48 /* Images.xcassets */,
				2C0C68BF276B0E3300945CEC /* Colors.xcassets */,
			);
			path = Resources;
			sourceTree = "<group>";
		};
		8E7FFE3E20F5EB17006CED48 /* SupportFiles */ = {
			isa = PBXGroup;
			children = (
				2C0C68DB276B608000945CEC /* Common */,
				29B2264C2126A1210012B2F6 /* Fonts */,
				8E7FFE3020F5E600006CED48 /* Info.plist */,
				8ECE0D75211C31F900FF2B46 /* UserInfo.plist */,
				2C0E1CD626022F11006C2C3D /* GoogleService-Info.plist */,
				8ECE0D502119607300FF2B46 /* KakaoNavi-Bridging-Header.h */,
				8E167D3E2107D95C0066A59E /* GeoConverter.swift */,
			);
			name = SupportFiles;
			sourceTree = "<group>";
		};
		8E7FFE3F20F5EB46006CED48 /* ViewController */ = {
			isa = PBXGroup;
			children = (
				8EE53E7524CF0699008D8045 /* MainListVC */,
			);
			path = ViewController;
			sourceTree = "<group>";
		};
		8E7FFE4020F5EB69006CED48 /* Main */ = {
			isa = PBXGroup;
			children = (
				8E7FFE2820F5E5FF006CED48 /* Main.storyboard */,
				7658AB0B2112C38A00723CF0 /* Launch Screen.storyboard */,
			);
			name = Main;
			sourceTree = "<group>";
		};
		8E7FFE4120F5EBD2006CED48 /* View */ = {
			isa = PBXGroup;
			children = (
				8ECE0DA32122D62B00FF2B46 /* GasStationVie.swift */,
				8EDAF7D9212D7EF300422552 /* DetailView.swift */,
			);
			name = View;
			sourceTree = "<group>";
		};
		8EAEB15124F41AFF00B5E6CE /* FavoriteWidgetExtension */ = {
			isa = PBXGroup;
			children = (
				8EAEB16724F4BA2200B5E6CE /* FavoriteWidgetExtension.entitlements */,
				8EAEB16224F4B31E00B5E6CE /* FavoriteCollectionViewCell.swift */,
				8EAEB15224F41AFF00B5E6CE /* TodayViewController.swift */,
				8EAEB15424F41AFF00B5E6CE /* MainInterface.storyboard */,
				8EAEB15724F41AFF00B5E6CE /* Info.plist */,
			);
			path = FavoriteWidgetExtension;
			sourceTree = "<group>";
		};
		8EE53E7524CF0699008D8045 /* MainListVC */ = {
			isa = PBXGroup;
			children = (
				8EE53E7C24CF1427008D8045 /* MainListVC+CoreLocation.swift */,
			);
			name = MainListVC;
			sourceTree = "<group>";
		};
		8EE7E34720F5EDA400F35473 /* Utility */ = {
			isa = PBXGroup;
			children = (
				8E1BB8EC2107E78D0065281B /* ServiceResult.swift */,
				8E1BB8EE2107E9A60065281B /* DataUtility.swift */,
				29B2264421228ECE0012B2F6 /* FirebaseUtility.swift */,
				8EB5C2E72139214700AB83BB /* Reachability.swift */,
				2C0C68C7276B25AB00945CEC /* UIReusable+Extension.swift */,
				2C0C68E1276B6C9A00945CEC /* UIViewController+Extension.swift */,
				2C0C68C9276B31CA00945CEC /* Tabbar+Extension.swift */,
				2CA4726327992D0A00DB0DDD /* CLLocationManager+.swift */,
				E9400FE927B11C76003168C6 /* UIView+.swift */,
				E9CD1AF327B54A9400C1375E /* FloatingPanelController+.swift */,
			);
			name = Utility;
			sourceTree = "<group>";
		};
		E94D0F0D27BB7A7100BCB092 /* GasStation */ = {
			isa = PBXGroup;
			children = (
				E94D0EFF27BB3DBC00BCB092 /* GasStationCell.swift */,
				E94D0F0B27BB56D100BCB092 /* GasStationView.swift */,
				E94D0F0127BB467600BCB092 /* GasStationTitleView.swift */,
				E94D0F0327BB490C00BCB092 /* GasStationBottomView.swift */,
				E94D0F0527BB4AE000BCB092 /* GasStationPriceView.swift */,
				E94D0F0727BB4D5800BCB092 /* GasStationExpandView.swift */,
				E94D0F0927BB50D000BCB092 /* GasStationDirectionView.swift */,
			);
			path = GasStation;
			sourceTree = "<group>";
		};
		E96E601B27CE008A005BB593 /* View */ = {
			isa = PBXGroup;
			children = (
				2CC1C809276C79F5007527C7 /* MainListNoneView.swift */,
				E9D1445727CED3120055141A /* InfoListView.swift */,
				E94D0F0D27BB7A7100BCB092 /* GasStation */,
			);
			path = View;
			sourceTree = "<group>";
		};
/* End PBXGroup section */

/* Begin PBXNativeTarget section */
		8E7FFE2020F5E5FF006CED48 /* OilPrice-Where */ = {
			isa = PBXNativeTarget;
			buildConfigurationList = 8E7FFE3320F5E600006CED48 /* Build configuration list for PBXNativeTarget "OilPrice-Where" */;
			buildPhases = (
				6BD9A5B08CFDBAC3BCE9A669 /* [CP] Check Pods Manifest.lock */,
				8E7FFE1D20F5E5FF006CED48 /* Sources */,
				8E7FFE1E20F5E5FF006CED48 /* Frameworks */,
				8E7FFE1F20F5E5FF006CED48 /* Resources */,
				A1410BAAA832A712804BE11F /* [CP] Embed Pods Frameworks */,
				8E167D3421007B620066A59E /* ShellScript */,
				8EAEB14624F4124900B5E6CE /* Embed App Extensions */,
				E957E39927A03B8100031125 /* Embed Frameworks */,
			);
			buildRules = (
			);
			dependencies = (
				8EAEB15924F41AFF00B5E6CE /* PBXTargetDependency */,
			);
			name = "OilPrice-Where";
			productName = "OilPrice-Where";
			productReference = 8E7FFE2120F5E5FF006CED48 /* OilPrice-Where.app */;
			productType = "com.apple.product-type.application";
		};
		8EAEB14D24F41AFF00B5E6CE /* FavoriteWidgetExtension */ = {
			isa = PBXNativeTarget;
			buildConfigurationList = 8EAEB15B24F41AFF00B5E6CE /* Build configuration list for PBXNativeTarget "FavoriteWidgetExtension" */;
			buildPhases = (
				4F97A13032084F528F20C5BF /* [CP] Check Pods Manifest.lock */,
				8EAEB14A24F41AFF00B5E6CE /* Sources */,
				8EAEB14B24F41AFF00B5E6CE /* Frameworks */,
				8EAEB14C24F41AFF00B5E6CE /* Resources */,
				E957E39C27A03BA600031125 /* Embed Frameworks */,
			);
			buildRules = (
			);
			dependencies = (
			);
			name = FavoriteWidgetExtension;
			productName = FavoriteWidgetExtension;
			productReference = 8EAEB14E24F41AFF00B5E6CE /* FavoriteWidgetExtension.appex */;
			productType = "com.apple.product-type.app-extension";
		};
/* End PBXNativeTarget section */

/* Begin PBXProject section */
		8E7FFE1920F5E5FF006CED48 /* Project object */ = {
			isa = PBXProject;
			attributes = {
				DefaultBuildSystemTypeForWorkspace = Original;
				LastSwiftUpdateCheck = 1160;
				LastUpgradeCheck = 1240;
				ORGANIZATIONNAME = "sangwook park";
				TargetAttributes = {
					8E7FFE2020F5E5FF006CED48 = {
						CreatedOnToolsVersion = 9.4.1;
					};
					8EAEB14D24F41AFF00B5E6CE = {
						CreatedOnToolsVersion = 11.6;
					};
				};
			};
			buildConfigurationList = 8E7FFE1C20F5E5FF006CED48 /* Build configuration list for PBXProject "OilPrice-Where" */;
			compatibilityVersion = "Xcode 13.0";
			developmentRegion = en;
			hasScannedForEncodings = 0;
			knownRegions = (
				en,
				Base,
			);
			mainGroup = 8E7FFE1820F5E5FF006CED48;
			productRefGroup = 8E7FFE2220F5E5FF006CED48 /* Products */;
			projectDirPath = "";
			projectRoot = "";
			targets = (
				8E7FFE2020F5E5FF006CED48 /* OilPrice-Where */,
				8EAEB14D24F41AFF00B5E6CE /* FavoriteWidgetExtension */,
			);
		};
/* End PBXProject section */

/* Begin PBXResourcesBuildPhase section */
		8E7FFE1F20F5E5FF006CED48 /* Resources */ = {
			isa = PBXResourcesBuildPhase;
			buildActionMask = 2147483647;
			files = (
				8EE53E7024CEA47E008D8045 /* Main.storyboard in Resources */,
				2C0C68BE276B0DDC00945CEC /* swiftgen.yml in Resources */,
				2C0C68C0276B0E3300945CEC /* Colors.xcassets in Resources */,
				8EE53E6D24CEA103008D8045 /* NanumSquareRoundEB.ttf in Resources */,
				2C0E1CD726022F11006C2C3D /* GoogleService-Info.plist in Resources */,
				8EE53E7124CEA481008D8045 /* Launch Screen.storyboard in Resources */,
				8EE53E6A24CEA0EF008D8045 /* UserInfo.plist in Resources */,
				8EE53E6F24CEA108008D8045 /* NanumSquareRoundR.ttf in Resources */,
				8EE53E6C24CEA100008D8045 /* NanumSquareRoundB.ttf in Resources */,
				8EE53E7224CEA484008D8045 /* Images.xcassets in Resources */,
				8EE53E6E24CEA106008D8045 /* NanumSquareRoundL.ttf in Resources */,
			);
			runOnlyForDeploymentPostprocessing = 0;
		};
		8EAEB14C24F41AFF00B5E6CE /* Resources */ = {
			isa = PBXResourcesBuildPhase;
			buildActionMask = 2147483647;
			files = (
				8EAEB15624F41AFF00B5E6CE /* MainInterface.storyboard in Resources */,
				8EAEB16024F41C6300B5E6CE /* NanumSquareRoundL.ttf in Resources */,
				8EAEB16124F41C6500B5E6CE /* NanumSquareRoundR.ttf in Resources */,
				8EAEB15F24F41C6100B5E6CE /* NanumSquareRoundEB.ttf in Resources */,
				8EAEB16424F4B36D00B5E6CE /* Images.xcassets in Resources */,
				8EAEB16524F4B7D100B5E6CE /* UserInfo.plist in Resources */,
				8EAEB15E24F41C5E00B5E6CE /* NanumSquareRoundB.ttf in Resources */,
			);
			runOnlyForDeploymentPostprocessing = 0;
		};
/* End PBXResourcesBuildPhase section */

/* Begin PBXShellScriptBuildPhase section */
		4F97A13032084F528F20C5BF /* [CP] Check Pods Manifest.lock */ = {
			isa = PBXShellScriptBuildPhase;
			buildActionMask = 2147483647;
			files = (
			);
			inputFileListPaths = (
			);
			inputPaths = (
				"${PODS_PODFILE_DIR_PATH}/Podfile.lock",
				"${PODS_ROOT}/Manifest.lock",
			);
			name = "[CP] Check Pods Manifest.lock";
			outputFileListPaths = (
			);
			outputPaths = (
				"$(DERIVED_FILE_DIR)/Pods-FavoriteWidgetExtension-checkManifestLockResult.txt",
			);
			runOnlyForDeploymentPostprocessing = 0;
			shellPath = /bin/sh;
			shellScript = "diff \"${PODS_PODFILE_DIR_PATH}/Podfile.lock\" \"${PODS_ROOT}/Manifest.lock\" > /dev/null\nif [ $? != 0 ] ; then\n    # print error to STDERR\n    echo \"error: The sandbox is not in sync with the Podfile.lock. Run 'pod install' or update your CocoaPods installation.\" >&2\n    exit 1\nfi\n# This output is used by Xcode 'outputs' to avoid re-running this script phase.\necho \"SUCCESS\" > \"${SCRIPT_OUTPUT_FILE_0}\"\n";
			showEnvVarsInLog = 0;
		};
		6BD9A5B08CFDBAC3BCE9A669 /* [CP] Check Pods Manifest.lock */ = {
			isa = PBXShellScriptBuildPhase;
			buildActionMask = 2147483647;
			files = (
			);
			inputPaths = (
				"${PODS_PODFILE_DIR_PATH}/Podfile.lock",
				"${PODS_ROOT}/Manifest.lock",
			);
			name = "[CP] Check Pods Manifest.lock";
			outputPaths = (
				"$(DERIVED_FILE_DIR)/Pods-OilPrice-Where-checkManifestLockResult.txt",
			);
			runOnlyForDeploymentPostprocessing = 0;
			shellPath = /bin/sh;
			shellScript = "diff \"${PODS_PODFILE_DIR_PATH}/Podfile.lock\" \"${PODS_ROOT}/Manifest.lock\" > /dev/null\nif [ $? != 0 ] ; then\n    # print error to STDERR\n    echo \"error: The sandbox is not in sync with the Podfile.lock. Run 'pod install' or update your CocoaPods installation.\" >&2\n    exit 1\nfi\n# This output is used by Xcode 'outputs' to avoid re-running this script phase.\necho \"SUCCESS\" > \"${SCRIPT_OUTPUT_FILE_0}\"\n";
			showEnvVarsInLog = 0;
		};
		8E167D3421007B620066A59E /* ShellScript */ = {
			isa = PBXShellScriptBuildPhase;
			buildActionMask = 2147483647;
			files = (
			);
			inputPaths = (
				"${SRCROOT}/Pods/Target Support Files/Pods-OilPrice-Where/Pods-OilPrice-Where-frameworks.sh",
			);
			outputPaths = (
			);
			runOnlyForDeploymentPostprocessing = 0;
			shellPath = /bin/sh;
			shellScript = "# Type a script or drag a script file from your workspace to insert its path.\n";
		};
		A1410BAAA832A712804BE11F /* [CP] Embed Pods Frameworks */ = {
			isa = PBXShellScriptBuildPhase;
			buildActionMask = 2147483647;
			files = (
			);
			inputFileListPaths = (
				"${PODS_ROOT}/Target Support Files/Pods-OilPrice-Where/Pods-OilPrice-Where-frameworks-${CONFIGURATION}-input-files.xcfilelist",
			);
			name = "[CP] Embed Pods Frameworks";
			outputFileListPaths = (
				"${PODS_ROOT}/Target Support Files/Pods-OilPrice-Where/Pods-OilPrice-Where-frameworks-${CONFIGURATION}-output-files.xcfilelist",
			);
			runOnlyForDeploymentPostprocessing = 0;
			shellPath = /bin/sh;
			shellScript = "\"${PODS_ROOT}/Target Support Files/Pods-OilPrice-Where/Pods-OilPrice-Where-frameworks.sh\"\n";
			showEnvVarsInLog = 0;
		};
/* End PBXShellScriptBuildPhase section */

/* Begin PBXSourcesBuildPhase section */
		8E7FFE1D20F5E5FF006CED48 /* Sources */ = {
			isa = PBXSourcesBuildPhase;
			buildActionMask = 2147483647;
			files = (
				2C0C68C4276B0EE200945CEC /* Fonts+Generated.swift in Sources */,
				2C0C68C2276B0E8600945CEC /* XCAssets+Generated.swift in Sources */,
				8E68BA2924CCD472004730D7 /* FindNavigationViewModel.swift in Sources */,
				8EF8481A24E39B23009A32D8 /* EditSalePriceViewModel.swift in Sources */,
				2C0C68E0276B633B00945CEC /* SettingTableViewCell.swift in Sources */,
				E94D0F0027BB3DBC00BCB092 /* GasStationCell.swift in Sources */,
				E94D0F0827BB4D5800BCB092 /* GasStationExpandView.swift in Sources */,
				E9D1445627CECA620055141A /* ToListView.swift in Sources */,
				E9D1445827CED3120055141A /* InfoListView.swift in Sources */,
				2CAC81DD276B948B00CC6096 /* CustomKVView.swift in Sources */,
				8ECE0DAA212385FB00FF2B46 /* AllPriceData.swift in Sources */,
				8E68BA2B24CCDF92004730D7 /* FavoriteCollectionViewCell.swift in Sources */,
				8ECE0D52211AD42600FF2B46 /* Setting.swift in Sources */,
				8EE53E8C24CF3AB1008D8045 /* NavigaionTypeTableViewCell.swift in Sources */,
				E94D0F0227BB467600BCB092 /* GasStationTitleView.swift in Sources */,
				8E167D3B2107AD480066A59E /* Service.swift in Sources */,
				E9400FE427B0D704003168C6 /* StationToolTipView.swift in Sources */,
				E94D0F0427BB490C00BCB092 /* GasStationBottomView.swift in Sources */,
				8E1BB8ED2107E78D0065281B /* ServiceResult.swift in Sources */,
				8E40DB1924D7E45400352F7E /* InitialViewModel.swift in Sources */,
				8E167D412107E30F0066A59E /* GasStationListData.swift in Sources */,
				8EB5C2E82139214700AB83BB /* Reachability.swift in Sources */,
				8EE53E7D24CF1427008D8045 /* MainListVC+CoreLocation.swift in Sources */,
				E94D0F0C27BB56D100BCB092 /* GasStationView.swift in Sources */,
				E94D0F0627BB4AE000BCB092 /* GasStationPriceView.swift in Sources */,
				8E7FFE3920F5EA1C006CED48 /* SettingVC.swift in Sources */,
				8E68BA2124CCCD07004730D7 /* FindDistanceViewModel.swift in Sources */,
				764A2D26212C8A2B00B0B3D8 /* FavoritesGasStationVC.swift in Sources */,
				8EDAF7DA212D7EF300422552 /* DetailView.swift in Sources */,
				8ECE0D7E211CB1F800FF2B46 /* FindDistanceTableViewCell.swift in Sources */,
				8EE0A2FB21DDF49E00C159D0 /* BrandTypeTableViewCell.swift in Sources */,
				2C1FBE1A276AE39000E57F8A /* SelectTypeView.swift in Sources */,
				2C0C68E2276B6C9A00945CEC /* UIViewController+Extension.swift in Sources */,
				E9CD1AF427B54A9400C1375E /* FloatingPanelController+.swift in Sources */,
				8E167D3F2107D95C0066A59E /* GeoConverter.swift in Sources */,
				2CA4726427992D0A00DB0DDD /* CLLocationManager+.swift in Sources */,
				2CC1C80E276C8610007527C7 /* MainMapView.swift in Sources */,
				8E68BA1B24CCC645004730D7 /* CommonViewController.swift in Sources */,
				8E68BA1D24CCC863004730D7 /* FindOilVC.swift in Sources */,
				E96E601D27CE00A6005BB593 /* MainListVC.swift in Sources */,
				8E68BA2324CCCF32004730D7 /* FindBrandViewModel.swift in Sources */,
				E9400FDE27B0A3E2003168C6 /* NaverMapMarker.swift in Sources */,
				8E4DBA4424E43492002E605C /* SalePriceTableViewCell.swift in Sources */,
				8E68BA1924CCC61A004730D7 /* CommonViewModel.swift in Sources */,
				8EE53E8F24CF3CEC008D8045 /* FindNavigationVC.swift in Sources */,
				2CAC81E3276BA31D00CC6096 /* CustomNavigationView.swift in Sources */,
				E9CD1AF627B54D4000C1375E /* StationInfoVC.swift in Sources */,
				E9400FEA27B11C76003168C6 /* UIView+.swift in Sources */,
				2C0C68CA276B31CA00945CEC /* Tabbar+Extension.swift in Sources */,
				2CC1C80C276C8123007527C7 /* MainVC.swift in Sources */,
				8E167D3D2107AEA30066A59E /* API.swift in Sources */,
				E9400FE227B0A467003168C6 /* StationAPI.swift in Sources */,
				8EF8481C24E39C03009A32D8 /* SettingEditSalePriceVC.swift in Sources */,
				2CA47266279931B500DB0DDD /* MainViewModel.swift in Sources */,
				8EDAF7D821295AEF00422552 /* InitialSettingVC.swift in Sources */,
				E9400FE827B1146E003168C6 /* StationInfoGuideView.swift in Sources */,
				8E1BB8EF2107E9A60065281B /* DataUtility.swift in Sources */,
				2CAC81DF276B966300CC6096 /* FavoritesGasStationViewModel.swift in Sources */,
				2C0C68C8276B25AB00945CEC /* UIReusable+Extension.swift in Sources */,
				E9400FE027B0A3F0003168C6 /* StationInfoView.swift in Sources */,
				8ECE0DA42122D62B00FF2B46 /* GasStationVie.swift in Sources */,
				8E68BA1524CCC560004730D7 /* FindOilTypeViewModel.swift in Sources */,
				8E68BA1F24CCCCE5004730D7 /* FindDistanceVC.swift in Sources */,
				8E7FFE2520F5E5FF006CED48 /* AppDelegate.swift in Sources */,
				8EE53E9524D01828008D8045 /* AboutUsTableViewCell.swift in Sources */,
				29B2264521228ECE0012B2F6 /* FirebaseUtility.swift in Sources */,
				8EE53E7924CF0D72008D8045 /* CustomTabbarViewController.swift in Sources */,
				2CAC81E1276B9A7200CC6096 /* KVVStackView.swift in Sources */,
				8EDE51B424D5C32C004590B6 /* FavoriteCellViewModel.swift in Sources */,
				E9400FE627B0D719003168C6 /* StationInfoPriceView.swift in Sources */,
				8EE53E9324D016B4008D8045 /* SettingAboutUsVC.swift in Sources */,
				29B226432121FDC60012B2F6 /* AverageCostData.swift in Sources */,
				E96E601F27CE0351005BB593 /* MainListViewModel.swift in Sources */,
				8ECE0D54211AF0C300FF2B46 /* DefaultData.swift in Sources */,
				2CAC81E5276BA63400CC6096 /* LodingView.swift in Sources */,
				8E68BA2524CCCF95004730D7 /* FindBrandVC.swift in Sources */,
				8ECE0D7C211C3CFC00FF2B46 /* OilTypeTableViewCell.swift in Sources */,
				765830AD212699FE006DFE2E /* InformationGasStaion.swift in Sources */,
				E94D0F0A27BB50D000BCB092 /* GasStationDirectionView.swift in Sources */,
				2CAC81E7276BAA9D00CC6096 /* NoneFavoriteView.swift in Sources */,
				2CC1C80A276C79F5007527C7 /* MainListNoneView.swift in Sources */,
				8E68BA1724CCC5F7004730D7 /* ViewModelBindableType.swift in Sources */,
			);
			runOnlyForDeploymentPostprocessing = 0;
		};
		8EAEB14A24F41AFF00B5E6CE /* Sources */ = {
			isa = PBXSourcesBuildPhase;
			buildActionMask = 2147483647;
			files = (
				8E542E342500BF9D00562A59 /* GeoConverter.swift in Sources */,
				8EAEB16324F4B31E00B5E6CE /* FavoriteCollectionViewCell.swift in Sources */,
				8EAEB15324F41AFF00B5E6CE /* TodayViewController.swift in Sources */,
				8E82E43424F9468100395CDD /* API.swift in Sources */,
				8E82E43224F901D200395CDD /* InformationGasStaion.swift in Sources */,
			);
			runOnlyForDeploymentPostprocessing = 0;
		};
/* End PBXSourcesBuildPhase section */

/* Begin PBXTargetDependency section */
		8EAEB15924F41AFF00B5E6CE /* PBXTargetDependency */ = {
			isa = PBXTargetDependency;
			target = 8EAEB14D24F41AFF00B5E6CE /* FavoriteWidgetExtension */;
			targetProxy = 8EAEB15824F41AFF00B5E6CE /* PBXContainerItemProxy */;
		};
/* End PBXTargetDependency section */

/* Begin PBXVariantGroup section */
		8E7FFE2820F5E5FF006CED48 /* Main.storyboard */ = {
			isa = PBXVariantGroup;
			children = (
				8E7FFE2920F5E5FF006CED48 /* Base */,
			);
			name = Main.storyboard;
			sourceTree = "<group>";
		};
		8EAEB15424F41AFF00B5E6CE /* MainInterface.storyboard */ = {
			isa = PBXVariantGroup;
			children = (
				8EAEB15524F41AFF00B5E6CE /* Base */,
			);
			name = MainInterface.storyboard;
			sourceTree = "<group>";
		};
/* End PBXVariantGroup section */

/* Begin XCBuildConfiguration section */
		8E7FFE3120F5E600006CED48 /* Debug */ = {
			isa = XCBuildConfiguration;
			buildSettings = {
				ALWAYS_SEARCH_USER_PATHS = NO;
				CLANG_ANALYZER_NONNULL = YES;
				CLANG_ANALYZER_NUMBER_OBJECT_CONVERSION = YES_AGGRESSIVE;
				CLANG_CXX_LANGUAGE_STANDARD = "gnu++14";
				CLANG_CXX_LIBRARY = "libc++";
				CLANG_ENABLE_MODULES = YES;
				CLANG_ENABLE_OBJC_ARC = YES;
				CLANG_ENABLE_OBJC_WEAK = YES;
				CLANG_WARN_BLOCK_CAPTURE_AUTORELEASING = YES;
				CLANG_WARN_BOOL_CONVERSION = YES;
				CLANG_WARN_COMMA = YES;
				CLANG_WARN_CONSTANT_CONVERSION = YES;
				CLANG_WARN_DEPRECATED_OBJC_IMPLEMENTATIONS = YES;
				CLANG_WARN_DIRECT_OBJC_ISA_USAGE = YES_ERROR;
				CLANG_WARN_DOCUMENTATION_COMMENTS = YES;
				CLANG_WARN_EMPTY_BODY = YES;
				CLANG_WARN_ENUM_CONVERSION = YES;
				CLANG_WARN_INFINITE_RECURSION = YES;
				CLANG_WARN_INT_CONVERSION = YES;
				CLANG_WARN_NON_LITERAL_NULL_CONVERSION = YES;
				CLANG_WARN_OBJC_IMPLICIT_RETAIN_SELF = YES;
				CLANG_WARN_OBJC_LITERAL_CONVERSION = YES;
				CLANG_WARN_OBJC_ROOT_CLASS = YES_ERROR;
				CLANG_WARN_QUOTED_INCLUDE_IN_FRAMEWORK_HEADER = YES;
				CLANG_WARN_RANGE_LOOP_ANALYSIS = YES;
				CLANG_WARN_STRICT_PROTOTYPES = YES;
				CLANG_WARN_SUSPICIOUS_MOVE = YES;
				CLANG_WARN_UNGUARDED_AVAILABILITY = YES_AGGRESSIVE;
				CLANG_WARN_UNREACHABLE_CODE = YES;
				CLANG_WARN__DUPLICATE_METHOD_MATCH = YES;
				CODE_SIGN_IDENTITY = "iPhone Developer";
				COPY_PHASE_STRIP = NO;
				DEBUG_INFORMATION_FORMAT = dwarf;
				ENABLE_BITCODE = NO;
				ENABLE_STRICT_OBJC_MSGSEND = YES;
				ENABLE_TESTABILITY = YES;
				GCC_C_LANGUAGE_STANDARD = gnu11;
				GCC_DYNAMIC_NO_PIC = NO;
				GCC_NO_COMMON_BLOCKS = YES;
				GCC_OPTIMIZATION_LEVEL = 0;
				GCC_PREPROCESSOR_DEFINITIONS = (
					"DEBUG=1",
					"$(inherited)",
				);
				GCC_WARN_64_TO_32_BIT_CONVERSION = YES;
				GCC_WARN_ABOUT_RETURN_TYPE = YES_ERROR;
				GCC_WARN_UNDECLARED_SELECTOR = YES;
				GCC_WARN_UNINITIALIZED_AUTOS = YES_AGGRESSIVE;
				GCC_WARN_UNUSED_FUNCTION = YES;
				GCC_WARN_UNUSED_VARIABLE = YES;
				IPHONEOS_DEPLOYMENT_TARGET = 13.0;
				MTL_ENABLE_DEBUG_INFO = "";
				ONLY_ACTIVE_ARCH = YES;
				OTHER_CFLAGS = "";
				OTHER_CPLUSPLUSFLAGS = "";
				SDKROOT = iphoneos;
				SKIP_INSTALL = NO;
				SWIFT_ACTIVE_COMPILATION_CONDITIONS = DEBUG;
				SWIFT_OPTIMIZATION_LEVEL = "-Onone";
				SWIFT_VERSION = 5.0;
			};
			name = Debug;
		};
		8E7FFE3220F5E600006CED48 /* Release */ = {
			isa = XCBuildConfiguration;
			buildSettings = {
				ALWAYS_SEARCH_USER_PATHS = NO;
				CLANG_ANALYZER_NONNULL = YES;
				CLANG_ANALYZER_NUMBER_OBJECT_CONVERSION = YES_AGGRESSIVE;
				CLANG_CXX_LANGUAGE_STANDARD = "gnu++14";
				CLANG_CXX_LIBRARY = "libc++";
				CLANG_ENABLE_MODULES = YES;
				CLANG_ENABLE_OBJC_ARC = YES;
				CLANG_ENABLE_OBJC_WEAK = YES;
				CLANG_WARN_BLOCK_CAPTURE_AUTORELEASING = YES;
				CLANG_WARN_BOOL_CONVERSION = YES;
				CLANG_WARN_COMMA = YES;
				CLANG_WARN_CONSTANT_CONVERSION = YES;
				CLANG_WARN_DEPRECATED_OBJC_IMPLEMENTATIONS = YES;
				CLANG_WARN_DIRECT_OBJC_ISA_USAGE = YES_ERROR;
				CLANG_WARN_DOCUMENTATION_COMMENTS = YES;
				CLANG_WARN_EMPTY_BODY = YES;
				CLANG_WARN_ENUM_CONVERSION = YES;
				CLANG_WARN_INFINITE_RECURSION = YES;
				CLANG_WARN_INT_CONVERSION = YES;
				CLANG_WARN_NON_LITERAL_NULL_CONVERSION = YES;
				CLANG_WARN_OBJC_IMPLICIT_RETAIN_SELF = YES;
				CLANG_WARN_OBJC_LITERAL_CONVERSION = YES;
				CLANG_WARN_OBJC_ROOT_CLASS = YES_ERROR;
				CLANG_WARN_QUOTED_INCLUDE_IN_FRAMEWORK_HEADER = YES;
				CLANG_WARN_RANGE_LOOP_ANALYSIS = YES;
				CLANG_WARN_STRICT_PROTOTYPES = YES;
				CLANG_WARN_SUSPICIOUS_MOVE = YES;
				CLANG_WARN_UNGUARDED_AVAILABILITY = YES_AGGRESSIVE;
				CLANG_WARN_UNREACHABLE_CODE = YES;
				CLANG_WARN__DUPLICATE_METHOD_MATCH = YES;
				CODE_SIGN_IDENTITY = "iPhone Developer";
				COPY_PHASE_STRIP = NO;
				DEBUG_INFORMATION_FORMAT = "dwarf-with-dsym";
				ENABLE_BITCODE = NO;
				ENABLE_NS_ASSERTIONS = NO;
				ENABLE_STRICT_OBJC_MSGSEND = YES;
				GCC_C_LANGUAGE_STANDARD = gnu11;
				GCC_NO_COMMON_BLOCKS = YES;
				GCC_WARN_64_TO_32_BIT_CONVERSION = YES;
				GCC_WARN_ABOUT_RETURN_TYPE = YES_ERROR;
				GCC_WARN_UNDECLARED_SELECTOR = YES;
				GCC_WARN_UNINITIALIZED_AUTOS = YES_AGGRESSIVE;
				GCC_WARN_UNUSED_FUNCTION = YES;
				GCC_WARN_UNUSED_VARIABLE = YES;
				IPHONEOS_DEPLOYMENT_TARGET = 13.0;
				MTL_ENABLE_DEBUG_INFO = NO;
				OTHER_CFLAGS = NO;
				SDKROOT = iphoneos;
				SKIP_INSTALL = NO;
				SWIFT_COMPILATION_MODE = wholemodule;
				SWIFT_OPTIMIZATION_LEVEL = "-O";
				SWIFT_VERSION = 5.0;
				VALIDATE_PRODUCT = YES;
			};
			name = Release;
		};
		8E7FFE3420F5E600006CED48 /* Debug */ = {
			isa = XCBuildConfiguration;
			baseConfigurationReference = AECFB34A675AA17BD31A72A0 /* Pods-OilPrice-Where.debug.xcconfig */;
			buildSettings = {
				ALWAYS_EMBED_SWIFT_STANDARD_LIBRARIES = YES;
				ASSETCATALOG_COMPILER_APPICON_NAME = AppIcon;
				CODE_SIGN_ENTITLEMENTS = "OilPrice-Where/OilPrice-Where.entitlements";
				CODE_SIGN_IDENTITY = "Apple Development";
				CODE_SIGN_STYLE = Automatic;
				CURRENT_PROJECT_VERSION = 1;
				DEVELOPMENT_TEAM = 3ZS2532XM8;
				ENABLE_BITCODE = YES;
				EXCLUDED_ARCHS = "";
				FRAMEWORK_SEARCH_PATHS = (
					"$(inherited)",
					"$(PROJECT_DIR)/Kakao",
					"$(PROJECT_DIR)",
					"$(PROJECT_DIR)/DaumMap.embeddedframework",
				);
				INFOPLIST_FILE = "OilPrice-Where/Info.plist";
				IPHONEOS_DEPLOYMENT_TARGET = 13.0;
				LD_RUNPATH_SEARCH_PATHS = (
					"$(inherited)",
					"@executable_path/Frameworks",
				);
				MARKETING_VERSION = 2.0.0;
				ONLY_ACTIVE_ARCH = NO;
				OTHER_LDFLAGS = "$(inherited)";
				PRODUCT_BUNDLE_IDENTIFIER = com.OilPriceWhere.wheregasoline;
				PRODUCT_NAME = "$(TARGET_NAME)";
				PROVISIONING_PROFILE = "";
				PROVISIONING_PROFILE_SPECIFIER = "";
				SKIP_INSTALL = NO;
				SWIFT_OBJC_BRIDGING_HEADER = "$(PROJECT_DIR)/OilPrice-Where/KakaoNavi-Bridging-Header.h";
				SWIFT_VERSION = 4.0;
				TARGETED_DEVICE_FAMILY = "1,2";
				VALIDATE_WORKSPACE = YES;
			};
			name = Debug;
		};
		8E7FFE3520F5E600006CED48 /* Release */ = {
			isa = XCBuildConfiguration;
			baseConfigurationReference = 5ADD44E371ADD94F9E7AFB44 /* Pods-OilPrice-Where.release.xcconfig */;
			buildSettings = {
				ALWAYS_EMBED_SWIFT_STANDARD_LIBRARIES = YES;
				ASSETCATALOG_COMPILER_APPICON_NAME = AppIcon;
				CODE_SIGN_ENTITLEMENTS = "OilPrice-Where/OilPrice-Where.entitlements";
				CODE_SIGN_IDENTITY = "Apple Development";
				CODE_SIGN_STYLE = Automatic;
				CURRENT_PROJECT_VERSION = 1;
				DEVELOPMENT_TEAM = 3ZS2532XM8;
				ENABLE_BITCODE = YES;
				EXCLUDED_ARCHS = "";
				FRAMEWORK_SEARCH_PATHS = (
					"$(inherited)",
					"$(PROJECT_DIR)/Kakao",
					"$(PROJECT_DIR)",
					"$(PROJECT_DIR)/DaumMap.embeddedframework",
				);
				INFOPLIST_FILE = "OilPrice-Where/Info.plist";
				IPHONEOS_DEPLOYMENT_TARGET = 13.0;
				LD_RUNPATH_SEARCH_PATHS = (
					"$(inherited)",
					"@executable_path/Frameworks",
				);
				MARKETING_VERSION = 2.0.0;
				ONLY_ACTIVE_ARCH = NO;
				OTHER_LDFLAGS = "$(inherited)";
				PRODUCT_BUNDLE_IDENTIFIER = com.OilPriceWhere.wheregasoline;
				PRODUCT_NAME = "$(TARGET_NAME)";
				PROVISIONING_PROFILE = "";
				PROVISIONING_PROFILE_SPECIFIER = "";
				SKIP_INSTALL = NO;
				SWIFT_OBJC_BRIDGING_HEADER = "$(PROJECT_DIR)/OilPrice-Where/KakaoNavi-Bridging-Header.h";
				SWIFT_VERSION = 4.0;
				TARGETED_DEVICE_FAMILY = "1,2";
				VALIDATE_WORKSPACE = YES;
			};
			name = Release;
		};
		8EAEB15C24F41AFF00B5E6CE /* Debug */ = {
			isa = XCBuildConfiguration;
			baseConfigurationReference = 0CA5D7D421E19FB61B55E40C /* Pods-FavoriteWidgetExtension.debug.xcconfig */;
			buildSettings = {
				CODE_SIGN_ENTITLEMENTS = FavoriteWidgetExtension/FavoriteWidgetExtension.entitlements;
				CODE_SIGN_IDENTITY = "Apple Development";
				CODE_SIGN_STYLE = Automatic;
				CURRENT_PROJECT_VERSION = 1;
				DEVELOPMENT_TEAM = 3ZS2532XM8;
				ENABLE_BITCODE = YES;
				FRAMEWORK_SEARCH_PATHS = (
					"$(inherited)",
					"$(PROJECT_DIR)",
					"$(PROJECT_DIR)/Kakao",
					"$(PROJECT_DIR)/DaumMap.embeddedframework",
				);
				INFOPLIST_FILE = FavoriteWidgetExtension/Info.plist;
				IPHONEOS_DEPLOYMENT_TARGET = 13.0;
				LD_RUNPATH_SEARCH_PATHS = (
					"$(inherited)",
					"@executable_path/Frameworks",
					"@executable_path/../../Frameworks",
				);
				MARKETING_VERSION = 1.9.0;
				MTL_ENABLE_DEBUG_INFO = INCLUDE_SOURCE;
				MTL_FAST_MATH = YES;
				ONLY_ACTIVE_ARCH = NO;
				PRODUCT_BUNDLE_IDENTIFIER = com.OilPriceWhere.wheregasoline.FavoriteWidgetExtension;
				PRODUCT_NAME = "$(TARGET_NAME)";
				SKIP_INSTALL = YES;
				SWIFT_VERSION = 5.0;
				TARGETED_DEVICE_FAMILY = "1,2";
				VALIDATE_WORKSPACE = YES;
			};
			name = Debug;
		};
		8EAEB15D24F41AFF00B5E6CE /* Release */ = {
			isa = XCBuildConfiguration;
			baseConfigurationReference = 865E1877381F722FB0DBBE14 /* Pods-FavoriteWidgetExtension.release.xcconfig */;
			buildSettings = {
				CODE_SIGN_ENTITLEMENTS = FavoriteWidgetExtension/FavoriteWidgetExtension.entitlements;
				CODE_SIGN_IDENTITY = "Apple Development";
				CODE_SIGN_STYLE = Automatic;
				CURRENT_PROJECT_VERSION = 1;
				DEVELOPMENT_TEAM = 3ZS2532XM8;
				ENABLE_BITCODE = YES;
				FRAMEWORK_SEARCH_PATHS = (
					"$(inherited)",
					"$(PROJECT_DIR)",
					"$(PROJECT_DIR)/Kakao",
					"$(PROJECT_DIR)/DaumMap.embeddedframework",
				);
				INFOPLIST_FILE = FavoriteWidgetExtension/Info.plist;
				IPHONEOS_DEPLOYMENT_TARGET = 13.0;
				LD_RUNPATH_SEARCH_PATHS = (
					"$(inherited)",
					"@executable_path/Frameworks",
					"@executable_path/../../Frameworks",
				);
				MARKETING_VERSION = 1.9.0;
				MTL_FAST_MATH = YES;
				ONLY_ACTIVE_ARCH = NO;
				PRODUCT_BUNDLE_IDENTIFIER = com.OilPriceWhere.wheregasoline.FavoriteWidgetExtension;
				PRODUCT_NAME = "$(TARGET_NAME)";
				SKIP_INSTALL = YES;
				SWIFT_VERSION = 5.0;
				TARGETED_DEVICE_FAMILY = "1,2";
				VALIDATE_WORKSPACE = YES;
			};
			name = Release;
		};
/* End XCBuildConfiguration section */

/* Begin XCConfigurationList section */
		8E7FFE1C20F5E5FF006CED48 /* Build configuration list for PBXProject "OilPrice-Where" */ = {
			isa = XCConfigurationList;
			buildConfigurations = (
				8E7FFE3120F5E600006CED48 /* Debug */,
				8E7FFE3220F5E600006CED48 /* Release */,
			);
			defaultConfigurationIsVisible = 0;
			defaultConfigurationName = Release;
		};
		8E7FFE3320F5E600006CED48 /* Build configuration list for PBXNativeTarget "OilPrice-Where" */ = {
			isa = XCConfigurationList;
			buildConfigurations = (
				8E7FFE3420F5E600006CED48 /* Debug */,
				8E7FFE3520F5E600006CED48 /* Release */,
			);
			defaultConfigurationIsVisible = 0;
			defaultConfigurationName = Release;
		};
		8EAEB15B24F41AFF00B5E6CE /* Build configuration list for PBXNativeTarget "FavoriteWidgetExtension" */ = {
			isa = XCConfigurationList;
			buildConfigurations = (
				8EAEB15C24F41AFF00B5E6CE /* Debug */,
				8EAEB15D24F41AFF00B5E6CE /* Release */,
			);
			defaultConfigurationIsVisible = 0;
			defaultConfigurationName = Release;
		};
/* End XCConfigurationList section */
	};
	rootObject = 8E7FFE1920F5E5FF006CED48 /* Project object */;
}
