// !$*UTF8*$!
{
	archiveVersion = 1;
	classes = {
	};
	objectVersion = 50;
	objects = {

/* Begin PBXBuildFile section */
		8E167D2F21007A4E0066A59E /* ApiGatewayMac.framework in Frameworks */ = {isa = PBXBuildFile; fileRef = 8E167D2E21007A4E0066A59E /* ApiGatewayMac.framework */; };
		8E167D3021007A4E0066A59E /* ApiGatewayMac.framework in Embed Frameworks */ = {isa = PBXBuildFile; fileRef = 8E167D2E21007A4E0066A59E /* ApiGatewayMac.framework */; settings = {ATTRIBUTES = (CodeSignOnCopy, RemoveHeadersOnCopy, ); }; };
		8E167D3321007A680066A59E /* NMapViewerSDK.framework in Frameworks */ = {isa = PBXBuildFile; fileRef = 8E167D3221007A680066A59E /* NMapViewerSDK.framework */; };
		8E167D3721007F510066A59E /* NMapViewResources.swift in Sources */ = {isa = PBXBuildFile; fileRef = 8E167D3621007F510066A59E /* NMapViewResources.swift */; };
		8E7FFE2520F5E5FF006CED48 /* AppDelegate.swift in Sources */ = {isa = PBXBuildFile; fileRef = 8E7FFE2420F5E5FF006CED48 /* AppDelegate.swift */; };
		8E7FFE2720F5E5FF006CED48 /* MainListViewController.swift in Sources */ = {isa = PBXBuildFile; fileRef = 8E7FFE2620F5E5FF006CED48 /* MainListViewController.swift */; };
		8E7FFE2A20F5E5FF006CED48 /* Main.storyboard in Resources */ = {isa = PBXBuildFile; fileRef = 8E7FFE2820F5E5FF006CED48 /* Main.storyboard */; };
		8E7FFE2C20F5E5FF006CED48 /* Assets.xcassets in Resources */ = {isa = PBXBuildFile; fileRef = 8E7FFE2B20F5E5FF006CED48 /* Assets.xcassets */; };
		8E7FFE2F20F5E5FF006CED48 /* LaunchScreen.storyboard in Resources */ = {isa = PBXBuildFile; fileRef = 8E7FFE2D20F5E5FF006CED48 /* LaunchScreen.storyboard */; };
		8E7FFE3720F5E9F8006CED48 /* MapViewController.swift in Sources */ = {isa = PBXBuildFile; fileRef = 8E7FFE3620F5E9F8006CED48 /* MapViewController.swift */; };
		8E7FFE3920F5EA1C006CED48 /* SettingTableViewController.swift in Sources */ = {isa = PBXBuildFile; fileRef = 8E7FFE3820F5EA1C006CED48 /* SettingTableViewController.swift */; };
		8E7FFE3B20F5EA36006CED48 /* FindViewController.swift in Sources */ = {isa = PBXBuildFile; fileRef = 8E7FFE3A20F5EA36006CED48 /* FindViewController.swift */; };
		B633531A781457C90F211EA0 /* Pods_OilPrice_Where.framework in Frameworks */ = {isa = PBXBuildFile; fileRef = 74FF622B16AC25811E63CF5A /* Pods_OilPrice_Where.framework */; };
/* End PBXBuildFile section */

/* Begin PBXCopyFilesBuildPhase section */
		8E167D3121007A4E0066A59E /* Embed Frameworks */ = {
			isa = PBXCopyFilesBuildPhase;
			buildActionMask = 2147483647;
			dstPath = "";
			dstSubfolderSpec = 10;
			files = (
				8E167D3021007A4E0066A59E /* ApiGatewayMac.framework in Embed Frameworks */,
			);
			name = "Embed Frameworks";
			runOnlyForDeploymentPostprocessing = 0;
		};
/* End PBXCopyFilesBuildPhase section */

/* Begin PBXFileReference section */
		5ADD44E371ADD94F9E7AFB44 /* Pods-OilPrice-Where.release.xcconfig */ = {isa = PBXFileReference; includeInIndex = 1; lastKnownFileType = text.xcconfig; name = "Pods-OilPrice-Where.release.xcconfig"; path = "Pods/Target Support Files/Pods-OilPrice-Where/Pods-OilPrice-Where.release.xcconfig"; sourceTree = "<group>"; };
		74FF622B16AC25811E63CF5A /* Pods_OilPrice_Where.framework */ = {isa = PBXFileReference; explicitFileType = wrapper.framework; includeInIndex = 0; path = Pods_OilPrice_Where.framework; sourceTree = BUILT_PRODUCTS_DIR; };
		8E167D2E21007A4E0066A59E /* ApiGatewayMac.framework */ = {isa = PBXFileReference; lastKnownFileType = wrapper.framework; name = ApiGatewayMac.framework; path = naverMap/Frameworks/ApiGatewayMac.framework; sourceTree = "<group>"; };
		8E167D3221007A680066A59E /* NMapViewerSDK.framework */ = {isa = PBXFileReference; lastKnownFileType = wrapper.framework; name = NMapViewerSDK.framework; path = naverMap/Frameworks/NMapViewerSDK.framework; sourceTree = "<group>"; };
		8E167D3521007BFE0066A59E /* NHeader.h */ = {isa = PBXFileReference; lastKnownFileType = sourcecode.c.h; path = NHeader.h; sourceTree = "<group>"; };
		8E167D3621007F510066A59E /* NMapViewResources.swift */ = {isa = PBXFileReference; lastKnownFileType = sourcecode.swift; path = NMapViewResources.swift; sourceTree = "<group>"; };
		8E7FFE2120F5E5FF006CED48 /* OilPrice-Where.app */ = {isa = PBXFileReference; explicitFileType = wrapper.application; includeInIndex = 0; path = "OilPrice-Where.app"; sourceTree = BUILT_PRODUCTS_DIR; };
		8E7FFE2420F5E5FF006CED48 /* AppDelegate.swift */ = {isa = PBXFileReference; lastKnownFileType = sourcecode.swift; path = AppDelegate.swift; sourceTree = "<group>"; };
		8E7FFE2620F5E5FF006CED48 /* MainListViewController.swift */ = {isa = PBXFileReference; lastKnownFileType = sourcecode.swift; path = MainListViewController.swift; sourceTree = "<group>"; };
		8E7FFE2920F5E5FF006CED48 /* Base */ = {isa = PBXFileReference; lastKnownFileType = file.storyboard; name = Base; path = Base.lproj/Main.storyboard; sourceTree = "<group>"; };
		8E7FFE2B20F5E5FF006CED48 /* Assets.xcassets */ = {isa = PBXFileReference; lastKnownFileType = folder.assetcatalog; path = Assets.xcassets; sourceTree = "<group>"; };
		8E7FFE2E20F5E5FF006CED48 /* Base */ = {isa = PBXFileReference; lastKnownFileType = file.storyboard; name = Base; path = Base.lproj/LaunchScreen.storyboard; sourceTree = "<group>"; };
		8E7FFE3020F5E600006CED48 /* Info.plist */ = {isa = PBXFileReference; lastKnownFileType = text.plist.xml; path = Info.plist; sourceTree = "<group>"; };
		8E7FFE3620F5E9F8006CED48 /* MapViewController.swift */ = {isa = PBXFileReference; lastKnownFileType = sourcecode.swift; path = MapViewController.swift; sourceTree = "<group>"; };
		8E7FFE3820F5EA1C006CED48 /* SettingTableViewController.swift */ = {isa = PBXFileReference; lastKnownFileType = sourcecode.swift; path = SettingTableViewController.swift; sourceTree = "<group>"; };
		8E7FFE3A20F5EA36006CED48 /* FindViewController.swift */ = {isa = PBXFileReference; lastKnownFileType = sourcecode.swift; path = FindViewController.swift; sourceTree = "<group>"; };
		AECFB34A675AA17BD31A72A0 /* Pods-OilPrice-Where.debug.xcconfig */ = {isa = PBXFileReference; includeInIndex = 1; lastKnownFileType = text.xcconfig; name = "Pods-OilPrice-Where.debug.xcconfig"; path = "Pods/Target Support Files/Pods-OilPrice-Where/Pods-OilPrice-Where.debug.xcconfig"; sourceTree = "<group>"; };
/* End PBXFileReference section */

/* Begin PBXFrameworksBuildPhase section */
		8E7FFE1E20F5E5FF006CED48 /* Frameworks */ = {
			isa = PBXFrameworksBuildPhase;
			buildActionMask = 2147483647;
			files = (
				8E167D3321007A680066A59E /* NMapViewerSDK.framework in Frameworks */,
				8E167D2F21007A4E0066A59E /* ApiGatewayMac.framework in Frameworks */,
				B633531A781457C90F211EA0 /* Pods_OilPrice_Where.framework in Frameworks */,
			);
			runOnlyForDeploymentPostprocessing = 0;
		};
/* End PBXFrameworksBuildPhase section */

/* Begin PBXGroup section */
		0311CDC564670164F66F0F16 /* Frameworks */ = {
			isa = PBXGroup;
			children = (
				8E167D3221007A680066A59E /* NMapViewerSDK.framework */,
				74FF622B16AC25811E63CF5A /* Pods_OilPrice_Where.framework */,
			);
			name = Frameworks;
			sourceTree = "<group>";
		};
		2C306C2524FE261E511F8C37 /* Pods */ = {
			isa = PBXGroup;
			children = (
				AECFB34A675AA17BD31A72A0 /* Pods-OilPrice-Where.debug.xcconfig */,
				5ADD44E371ADD94F9E7AFB44 /* Pods-OilPrice-Where.release.xcconfig */,
			);
			name = Pods;
			sourceTree = "<group>";
		};
		8E4DAF0920F5EC2400E4FD92 /* Model */ = {
			isa = PBXGroup;
			children = (
			);
			path = Model;
			sourceTree = "<group>";
		};
		8E4DAF0A20F5EC2700E4FD92 /* Services */ = {
			isa = PBXGroup;
			children = (
			);
			name = Services;
			sourceTree = "<group>";
		};
		8E7FFE1820F5E5FF006CED48 = {
			isa = PBXGroup;
			children = (
				8E167D2E21007A4E0066A59E /* ApiGatewayMac.framework */,
				8E7FFE2320F5E5FF006CED48 /* OilPrice-Where */,
				8E7FFE2220F5E5FF006CED48 /* Products */,
				2C306C2524FE261E511F8C37 /* Pods */,
				0311CDC564670164F66F0F16 /* Frameworks */,
			);
			sourceTree = "<group>";
		};
		8E7FFE2220F5E5FF006CED48 /* Products */ = {
			isa = PBXGroup;
			children = (
				8E7FFE2120F5E5FF006CED48 /* OilPrice-Where.app */,
			);
			name = Products;
			sourceTree = "<group>";
		};
		8E7FFE2320F5E5FF006CED48 /* OilPrice-Where */ = {
			isa = PBXGroup;
			children = (
				8EE7E34720F5EDA400F35473 /* AppDelegate */,
				8E4DAF0920F5EC2400E4FD92 /* Model */,
				8E4DAF0A20F5EC2700E4FD92 /* Services */,
				8E7FFE3F20F5EB46006CED48 /* ViewController */,
				8E7FFE4120F5EBD2006CED48 /* View */,
				8E7FFE3D20F5EABE006CED48 /* Resource */,
				8E7FFE3E20F5EB17006CED48 /* Supporting File */,
			);
			path = "OilPrice-Where";
			sourceTree = "<group>";
		};
		8E7FFE3D20F5EABE006CED48 /* Resource */ = {
			isa = PBXGroup;
			children = (
				8E7FFE4020F5EB69006CED48 /* Main */,
				8E7FFE2B20F5E5FF006CED48 /* Assets.xcassets */,
				8E7FFE2D20F5E5FF006CED48 /* LaunchScreen.storyboard */,
			);
			path = Resource;
			sourceTree = "<group>";
		};
		8E7FFE3E20F5EB17006CED48 /* Supporting File */ = {
			isa = PBXGroup;
			children = (
				8E7FFE3020F5E600006CED48 /* Info.plist */,
				8E167D3521007BFE0066A59E /* NHeader.h */,
			);
			name = "Supporting File";
			sourceTree = "<group>";
		};
		8E7FFE3F20F5EB46006CED48 /* ViewController */ = {
			isa = PBXGroup;
			children = (
				8E7FFE2620F5E5FF006CED48 /* MainListViewController.swift */,
				8E7FFE3620F5E9F8006CED48 /* MapViewController.swift */,
				8E7FFE3820F5EA1C006CED48 /* SettingTableViewController.swift */,
				8E7FFE3A20F5EA36006CED48 /* FindViewController.swift */,
			);
			path = ViewController;
			sourceTree = "<group>";
		};
		8E7FFE4020F5EB69006CED48 /* Main */ = {
			isa = PBXGroup;
			children = (
				8E7FFE2820F5E5FF006CED48 /* Main.storyboard */,
				8E167D3621007F510066A59E /* NMapViewResources.swift */,
			);
			name = Main;
			sourceTree = "<group>";
		};
		8E7FFE4120F5EBD2006CED48 /* View */ = {
			isa = PBXGroup;
			children = (
			);
			name = View;
			sourceTree = "<group>";
		};
		8EE7E34720F5EDA400F35473 /* AppDelegate */ = {
			isa = PBXGroup;
			children = (
				8E7FFE2420F5E5FF006CED48 /* AppDelegate.swift */,
			);
			name = AppDelegate;
			sourceTree = "<group>";
		};
/* End PBXGroup section */

/* Begin PBXNativeTarget section */
		8E7FFE2020F5E5FF006CED48 /* OilPrice-Where */ = {
			isa = PBXNativeTarget;
			buildConfigurationList = 8E7FFE3320F5E600006CED48 /* Build configuration list for PBXNativeTarget "OilPrice-Where" */;
			buildPhases = (
				6BD9A5B08CFDBAC3BCE9A669 /* [CP] Check Pods Manifest.lock */,
				8E7FFE1D20F5E5FF006CED48 /* Sources */,
				8E7FFE1E20F5E5FF006CED48 /* Frameworks */,
				8E7FFE1F20F5E5FF006CED48 /* Resources */,
				A1410BAAA832A712804BE11F /* [CP] Embed Pods Frameworks */,
				8E167D3121007A4E0066A59E /* Embed Frameworks */,
				8E167D3421007B620066A59E /* ShellScript */,
				3DE6AC5456670D6AF0189EC3 /* [CP] Copy Pods Resources */,
			);
			buildRules = (
			);
			dependencies = (
			);
			name = "OilPrice-Where";
			productName = "OilPrice-Where";
			productReference = 8E7FFE2120F5E5FF006CED48 /* OilPrice-Where.app */;
			productType = "com.apple.product-type.application";
		};
/* End PBXNativeTarget section */

/* Begin PBXProject section */
		8E7FFE1920F5E5FF006CED48 /* Project object */ = {
			isa = PBXProject;
			attributes = {
				LastSwiftUpdateCheck = 0940;
				LastUpgradeCheck = 0940;
				ORGANIZATIONNAME = "sangwook park";
				TargetAttributes = {
					8E7FFE2020F5E5FF006CED48 = {
						CreatedOnToolsVersion = 9.4.1;
					};
				};
			};
			buildConfigurationList = 8E7FFE1C20F5E5FF006CED48 /* Build configuration list for PBXProject "OilPrice-Where" */;
			compatibilityVersion = "Xcode 9.3";
			developmentRegion = en;
			hasScannedForEncodings = 0;
			knownRegions = (
				en,
				Base,
			);
			mainGroup = 8E7FFE1820F5E5FF006CED48;
			productRefGroup = 8E7FFE2220F5E5FF006CED48 /* Products */;
			projectDirPath = "";
			projectRoot = "";
			targets = (
				8E7FFE2020F5E5FF006CED48 /* OilPrice-Where */,
			);
		};
/* End PBXProject section */

/* Begin PBXResourcesBuildPhase section */
		8E7FFE1F20F5E5FF006CED48 /* Resources */ = {
			isa = PBXResourcesBuildPhase;
			buildActionMask = 2147483647;
			files = (
				8E7FFE2F20F5E5FF006CED48 /* LaunchScreen.storyboard in Resources */,
				8E7FFE2C20F5E5FF006CED48 /* Assets.xcassets in Resources */,
				8E7FFE2A20F5E5FF006CED48 /* Main.storyboard in Resources */,
			);
			runOnlyForDeploymentPostprocessing = 0;
		};
/* End PBXResourcesBuildPhase section */

/* Begin PBXShellScriptBuildPhase section */
		3DE6AC5456670D6AF0189EC3 /* [CP] Copy Pods Resources */ = {
			isa = PBXShellScriptBuildPhase;
			buildActionMask = 2147483647;
			files = (
			);
			inputPaths = (
			);
			name = "[CP] Copy Pods Resources";
			outputPaths = (
			);
			runOnlyForDeploymentPostprocessing = 0;
			shellPath = /bin/sh;
			shellScript = "\"${SRCROOT}/Pods/Target Support Files/Pods-OilPrice-Where/Pods-OilPrice-Where-resources.sh\"\n";
			showEnvVarsInLog = 0;
		};
		6BD9A5B08CFDBAC3BCE9A669 /* [CP] Check Pods Manifest.lock */ = {
			isa = PBXShellScriptBuildPhase;
			buildActionMask = 2147483647;
			files = (
			);
			inputPaths = (
				"${PODS_PODFILE_DIR_PATH}/Podfile.lock",
				"${PODS_ROOT}/Manifest.lock",
			);
			name = "[CP] Check Pods Manifest.lock";
			outputPaths = (
				"$(DERIVED_FILE_DIR)/Pods-OilPrice-Where-checkManifestLockResult.txt",
			);
			runOnlyForDeploymentPostprocessing = 0;
			shellPath = /bin/sh;
			shellScript = "diff \"${PODS_PODFILE_DIR_PATH}/Podfile.lock\" \"${PODS_ROOT}/Manifest.lock\" > /dev/null\nif [ $? != 0 ] ; then\n    # print error to STDERR\n    echo \"error: The sandbox is not in sync with the Podfile.lock. Run 'pod install' or update your CocoaPods installation.\" >&2\n    exit 1\nfi\n# This output is used by Xcode 'outputs' to avoid re-running this script phase.\necho \"SUCCESS\" > \"${SCRIPT_OUTPUT_FILE_0}\"\n";
			showEnvVarsInLog = 0;
		};
		8E167D3421007B620066A59E /* ShellScript */ = {
			isa = PBXShellScriptBuildPhase;
			buildActionMask = 2147483647;
			files = (
			);
			inputPaths = (
			);
			outputPaths = (
			);
			runOnlyForDeploymentPostprocessing = 0;
			shellPath = /bin/sh;
			shellScript = "../iOS-main/naverMap/Scripts/strip-frameworks.sh";
		};
		A1410BAAA832A712804BE11F /* [CP] Embed Pods Frameworks */ = {
			isa = PBXShellScriptBuildPhase;
			buildActionMask = 2147483647;
			files = (
			);
			inputPaths = (
				"${SRCROOT}/Pods/Target Support Files/Pods-OilPrice-Where/Pods-OilPrice-Where-frameworks.sh",
				"${BUILT_PRODUCTS_DIR}/Alamofire/Alamofire.framework",
			);
			name = "[CP] Embed Pods Frameworks";
			outputPaths = (
				"${TARGET_BUILD_DIR}/${FRAMEWORKS_FOLDER_PATH}/Alamofire.framework",
			);
			runOnlyForDeploymentPostprocessing = 0;
			shellPath = /bin/sh;
			shellScript = "\"${SRCROOT}/Pods/Target Support Files/Pods-OilPrice-Where/Pods-OilPrice-Where-frameworks.sh\"\n";
			showEnvVarsInLog = 0;
		};
/* End PBXShellScriptBuildPhase section */

/* Begin PBXSourcesBuildPhase section */
		8E7FFE1D20F5E5FF006CED48 /* Sources */ = {
			isa = PBXSourcesBuildPhase;
			buildActionMask = 2147483647;
			files = (
				8E7FFE3B20F5EA36006CED48 /* FindViewController.swift in Sources */,
				8E7FFE3920F5EA1C006CED48 /* SettingTableViewController.swift in Sources */,
				8E7FFE2720F5E5FF006CED48 /* MainListViewController.swift in Sources */,
				8E7FFE3720F5E9F8006CED48 /* MapViewController.swift in Sources */,
				8E167D3721007F510066A59E /* NMapViewResources.swift in Sources */,
				8E7FFE2520F5E5FF006CED48 /* AppDelegate.swift in Sources */,
			);
			runOnlyForDeploymentPostprocessing = 0;
		};
/* End PBXSourcesBuildPhase section */

/* Begin PBXVariantGroup section */
		8E7FFE2820F5E5FF006CED48 /* Main.storyboard */ = {
			isa = PBXVariantGroup;
			children = (
				8E7FFE2920F5E5FF006CED48 /* Base */,
			);
			name = Main.storyboard;
			sourceTree = "<group>";
		};
		8E7FFE2D20F5E5FF006CED48 /* LaunchScreen.storyboard */ = {
			isa = PBXVariantGroup;
			children = (
				8E7FFE2E20F5E5FF006CED48 /* Base */,
			);
			name = LaunchScreen.storyboard;
			sourceTree = "<group>";
		};
/* End PBXVariantGroup section */

/* Begin XCBuildConfiguration section */
		8E7FFE3120F5E600006CED48 /* Debug */ = {
			isa = XCBuildConfiguration;
			buildSettings = {
				ALWAYS_SEARCH_USER_PATHS = NO;
				CLANG_ANALYZER_NONNULL = YES;
				CLANG_ANALYZER_NUMBER_OBJECT_CONVERSION = YES_AGGRESSIVE;
				CLANG_CXX_LANGUAGE_STANDARD = "gnu++14";
				CLANG_CXX_LIBRARY = "libc++";
				CLANG_ENABLE_MODULES = YES;
				CLANG_ENABLE_OBJC_ARC = YES;
				CLANG_ENABLE_OBJC_WEAK = YES;
				CLANG_WARN_BLOCK_CAPTURE_AUTORELEASING = YES;
				CLANG_WARN_BOOL_CONVERSION = YES;
				CLANG_WARN_COMMA = YES;
				CLANG_WARN_CONSTANT_CONVERSION = YES;
				CLANG_WARN_DEPRECATED_OBJC_IMPLEMENTATIONS = YES;
				CLANG_WARN_DIRECT_OBJC_ISA_USAGE = YES_ERROR;
				CLANG_WARN_DOCUMENTATION_COMMENTS = YES;
				CLANG_WARN_EMPTY_BODY = YES;
				CLANG_WARN_ENUM_CONVERSION = YES;
				CLANG_WARN_INFINITE_RECURSION = YES;
				CLANG_WARN_INT_CONVERSION = YES;
				CLANG_WARN_NON_LITERAL_NULL_CONVERSION = YES;
				CLANG_WARN_OBJC_IMPLICIT_RETAIN_SELF = YES;
				CLANG_WARN_OBJC_LITERAL_CONVERSION = YES;
				CLANG_WARN_OBJC_ROOT_CLASS = YES_ERROR;
				CLANG_WARN_RANGE_LOOP_ANALYSIS = YES;
				CLANG_WARN_STRICT_PROTOTYPES = YES;
				CLANG_WARN_SUSPICIOUS_MOVE = YES;
				CLANG_WARN_UNGUARDED_AVAILABILITY = YES_AGGRESSIVE;
				CLANG_WARN_UNREACHABLE_CODE = YES;
				CLANG_WARN__DUPLICATE_METHOD_MATCH = YES;
				CODE_SIGN_IDENTITY = "iPhone Developer";
				COPY_PHASE_STRIP = NO;
				DEBUG_INFORMATION_FORMAT = dwarf;
				ENABLE_STRICT_OBJC_MSGSEND = YES;
				ENABLE_TESTABILITY = YES;
				GCC_C_LANGUAGE_STANDARD = gnu11;
				GCC_DYNAMIC_NO_PIC = NO;
				GCC_NO_COMMON_BLOCKS = YES;
				GCC_OPTIMIZATION_LEVEL = 0;
				GCC_PREPROCESSOR_DEFINITIONS = (
					"DEBUG=1",
					"$(inherited)",
				);
				GCC_WARN_64_TO_32_BIT_CONVERSION = YES;
				GCC_WARN_ABOUT_RETURN_TYPE = YES_ERROR;
				GCC_WARN_UNDECLARED_SELECTOR = YES;
				GCC_WARN_UNINITIALIZED_AUTOS = YES_AGGRESSIVE;
				GCC_WARN_UNUSED_FUNCTION = YES;
				GCC_WARN_UNUSED_VARIABLE = YES;
				IPHONEOS_DEPLOYMENT_TARGET = 11.4;
				MTL_ENABLE_DEBUG_INFO = YES;
				ONLY_ACTIVE_ARCH = YES;
				SDKROOT = iphoneos;
				SWIFT_ACTIVE_COMPILATION_CONDITIONS = DEBUG;
				SWIFT_OPTIMIZATION_LEVEL = "-Onone";
			};
			name = Debug;
		};
		8E7FFE3220F5E600006CED48 /* Release */ = {
			isa = XCBuildConfiguration;
			buildSettings = {
				ALWAYS_SEARCH_USER_PATHS = NO;
				CLANG_ANALYZER_NONNULL = YES;
				CLANG_ANALYZER_NUMBER_OBJECT_CONVERSION = YES_AGGRESSIVE;
				CLANG_CXX_LANGUAGE_STANDARD = "gnu++14";
				CLANG_CXX_LIBRARY = "libc++";
				CLANG_ENABLE_MODULES = YES;
				CLANG_ENABLE_OBJC_ARC = YES;
				CLANG_ENABLE_OBJC_WEAK = YES;
				CLANG_WARN_BLOCK_CAPTURE_AUTORELEASING = YES;
				CLANG_WARN_BOOL_CONVERSION = YES;
				CLANG_WARN_COMMA = YES;
				CLANG_WARN_CONSTANT_CONVERSION = YES;
				CLANG_WARN_DEPRECATED_OBJC_IMPLEMENTATIONS = YES;
				CLANG_WARN_DIRECT_OBJC_ISA_USAGE = YES_ERROR;
				CLANG_WARN_DOCUMENTATION_COMMENTS = YES;
				CLANG_WARN_EMPTY_BODY = YES;
				CLANG_WARN_ENUM_CONVERSION = YES;
				CLANG_WARN_INFINITE_RECURSION = YES;
				CLANG_WARN_INT_CONVERSION = YES;
				CLANG_WARN_NON_LITERAL_NULL_CONVERSION = YES;
				CLANG_WARN_OBJC_IMPLICIT_RETAIN_SELF = YES;
				CLANG_WARN_OBJC_LITERAL_CONVERSION = YES;
				CLANG_WARN_OBJC_ROOT_CLASS = YES_ERROR;
				CLANG_WARN_RANGE_LOOP_ANALYSIS = YES;
				CLANG_WARN_STRICT_PROTOTYPES = YES;
				CLANG_WARN_SUSPICIOUS_MOVE = YES;
				CLANG_WARN_UNGUARDED_AVAILABILITY = YES_AGGRESSIVE;
				CLANG_WARN_UNREACHABLE_CODE = YES;
				CLANG_WARN__DUPLICATE_METHOD_MATCH = YES;
				CODE_SIGN_IDENTITY = "iPhone Developer";
				COPY_PHASE_STRIP = NO;
				DEBUG_INFORMATION_FORMAT = "dwarf-with-dsym";
				ENABLE_NS_ASSERTIONS = NO;
				ENABLE_STRICT_OBJC_MSGSEND = YES;
				GCC_C_LANGUAGE_STANDARD = gnu11;
				GCC_NO_COMMON_BLOCKS = YES;
				GCC_WARN_64_TO_32_BIT_CONVERSION = YES;
				GCC_WARN_ABOUT_RETURN_TYPE = YES_ERROR;
				GCC_WARN_UNDECLARED_SELECTOR = YES;
				GCC_WARN_UNINITIALIZED_AUTOS = YES_AGGRESSIVE;
				GCC_WARN_UNUSED_FUNCTION = YES;
				GCC_WARN_UNUSED_VARIABLE = YES;
				IPHONEOS_DEPLOYMENT_TARGET = 11.4;
				MTL_ENABLE_DEBUG_INFO = NO;
				SDKROOT = iphoneos;
				SWIFT_COMPILATION_MODE = wholemodule;
				SWIFT_OPTIMIZATION_LEVEL = "-O";
				VALIDATE_PRODUCT = YES;
			};
			name = Release;
		};
		8E7FFE3420F5E600006CED48 /* Debug */ = {
			isa = XCBuildConfiguration;
			baseConfigurationReference = AECFB34A675AA17BD31A72A0 /* Pods-OilPrice-Where.debug.xcconfig */;
			buildSettings = {
				ASSETCATALOG_COMPILER_APPICON_NAME = AppIcon;
				CODE_SIGN_STYLE = Automatic;
				DEVELOPMENT_TEAM = 944595JNCH;
				FRAMEWORK_SEARCH_PATHS = (
					"$(inherited)",
					"$(PROJECT_DIR)",
					"$(PROJECT_DIR)/naverMap/Frameworks",
				);
				INFOPLIST_FILE = "OilPrice-Where/Info.plist";
				LD_RUNPATH_SEARCH_PATHS = (
					"$(inherited)",
					"@executable_path/Frameworks",
				);
				OTHER_LDFLAGS = (
					"$(inherited)",
					"-framework",
					"\"Alamofire\"",
					"-ObjC",
					"-lxml2",
				);
				PRODUCT_BUNDLE_IDENTIFIER = com.OilPriceWhere;
				PRODUCT_NAME = "$(TARGET_NAME)";
				SWIFT_OBJC_BRIDGING_HEADER = "$(PROJECT_DIR)/OilPrice-Where/NHeader.h";
				SWIFT_VERSION = 4.0;
				TARGETED_DEVICE_FAMILY = "1,2";
			};
			name = Debug;
		};
		8E7FFE3520F5E600006CED48 /* Release */ = {
			isa = XCBuildConfiguration;
			baseConfigurationReference = 5ADD44E371ADD94F9E7AFB44 /* Pods-OilPrice-Where.release.xcconfig */;
			buildSettings = {
				ASSETCATALOG_COMPILER_APPICON_NAME = AppIcon;
				CODE_SIGN_STYLE = Automatic;
				DEVELOPMENT_TEAM = 944595JNCH;
				FRAMEWORK_SEARCH_PATHS = (
					"$(inherited)",
					"$(PROJECT_DIR)",
					"$(PROJECT_DIR)/naverMap/Frameworks",
				);
				INFOPLIST_FILE = "OilPrice-Where/Info.plist";
				LD_RUNPATH_SEARCH_PATHS = (
					"$(inherited)",
					"@executable_path/Frameworks",
				);
				OTHER_LDFLAGS = (
					"$(inherited)",
					"-framework",
					"\"Alamofire\"",
					"-ObjC",
					"-lxml2",
				);
				PRODUCT_BUNDLE_IDENTIFIER = com.OilPriceWhere;
				PRODUCT_NAME = "$(TARGET_NAME)";
				SWIFT_OBJC_BRIDGING_HEADER = "$(PROJECT_DIR)/OilPrice-Where/NHeader.h";
				SWIFT_VERSION = 4.0;
				TARGETED_DEVICE_FAMILY = "1,2";
			};
			name = Release;
		};
/* End XCBuildConfiguration section */

/* Begin XCConfigurationList section */
		8E7FFE1C20F5E5FF006CED48 /* Build configuration list for PBXProject "OilPrice-Where" */ = {
			isa = XCConfigurationList;
			buildConfigurations = (
				8E7FFE3120F5E600006CED48 /* Debug */,
				8E7FFE3220F5E600006CED48 /* Release */,
			);
			defaultConfigurationIsVisible = 0;
			defaultConfigurationName = Release;
		};
		8E7FFE3320F5E600006CED48 /* Build configuration list for PBXNativeTarget "OilPrice-Where" */ = {
			isa = XCConfigurationList;
			buildConfigurations = (
				8E7FFE3420F5E600006CED48 /* Debug */,
				8E7FFE3520F5E600006CED48 /* Release */,
			);
			defaultConfigurationIsVisible = 0;
			defaultConfigurationName = Release;
		};
/* End XCConfigurationList section */
	};
	rootObject = 8E7FFE1920F5E5FF006CED48 /* Project object */;
}
